
Microsoft Visual Studio Solution File, Format Version 12.00
# Visual Studio 2012
Project("{FAE04EC0-301F-11D3-BF4B-00C04F79EFBC}") = "Hunted", "Hunted\Hunted.csproj", "{E2C1B26C-5DED-4BAC-A625-2EDFFEC157B5}"
EndProject
Project("{FAE04EC0-301F-11D3-BF4B-00C04F79EFBC}") = "Content", "Content\Content.contentproj", "{5A141A03-A1CD-46EF-8613-DB646A3634D3}"
EndProject
Project("{2150E333-8FDC-42A3-9474-1A3956D46DE8}") = "TiledLib", "TiledLib", "{E81E2425-D667-4819-91ED-C2A50B054E07}"
EndProject
Project("{FAE04EC0-301F-11D3-BF4B-00C04F79EFBC}") = "TiledLib.Mono.Linux", "TiledLib.Mono.Linux\TiledLib.Mono.Linux.csproj", "{D70BC9B4-1F48-4D64-AAB4-615B1292FE74}"
EndProject
Project("{FAE04EC0-301F-11D3-BF4B-00C04F79EFBC}") = "TiledContentPipeline", "TiledContentPipeline\TiledContentPipeline.csproj", "{73AE0F55-4559-4F4A-9D84-819B63951AB3}"
EndProject
Project("{FAE04EC0-301F-11D3-BF4B-00C04F79EFBC}") = "TiledLib.Mono.Windows", "TiledLib.Mono.Windows\TiledLib.Mono.Windows.csproj", "{F311C413-E175-485E-8A93-799AB971CA09}"
EndProject
Project("{FAE04EC0-301F-11D3-BF4B-00C04F79EFBC}") = "TiledLib", "TiledLib\TiledLib.csproj", "{43E57147-8C31-48F8-8C54-F090BF9D715B}"
EndProject
Project("{FAE04EC0-301F-11D3-BF4B-00C04F79EFBC}") = "Hunted.Mono.Linux", "Hunted.Mono.Linux\Hunted.Mono.Linux.csproj", "{935C4686-FCF7-43EA-ABBA-75712B7AE0DE}"
EndProject
Project("{FAE04EC0-301F-11D3-BF4B-00C04F79EFBC}") = "Hunted.Mono.Windows", "Hunted.Mono.Windows\Hunted.Mono.Windows.csproj", "{DA064B16-1E33-4E75-8BB4-18D2D180BB3A}"
EndProject
Project("{FAE04EC0-301F-11D3-BF4B-00C04F79EFBC}") = "TiledLib.Mono.Windows8", "TiledLib.Mono.Windows8\TiledLib.Mono.Windows8.csproj", "{3F1CF32C-2A28-4DCE-9575-3DEC9001BDC0}"
EndProject
Project("{FAE04EC0-301F-11D3-BF4B-00C04F79EFBC}") = "Hunted.Mono.Windows8", "Hunted.Mono.Windows8\Hunted.Mono.Windows8.csproj", "{6F956B23-0809-425C-92DB-15179B0A123F}"
EndProject
Project("{FAE04EC0-301F-11D3-BF4B-00C04F79EFBC}") = "MGContent", "MGContent\MGContent\MGContent.csproj", "{176E33A4-827D-4044-9F75-1FADAF1B8205}"
EndProject
Project("{96E2B04D-8817-42C6-938A-82C39BA4D311}") = "MGContentContent", "MGContent\MGContentContent\MGContentContent.contentproj", "{A26B6079-0AB2-47D9-962A-3008B7A083B3}"
EndProject
Global
	GlobalSection(SolutionConfigurationPlatforms) = preSolution
		Android|Any CPU = Android|Any CPU
		Android|ARM = Android|ARM
		Android|Mixed Platforms = Android|Mixed Platforms
		Android|Windows Phone = Android|Windows Phone
		Android|x64 = Android|x64
		Android|x86 = Android|x86
		Debug|Any CPU = Debug|Any CPU
		Debug|ARM = Debug|ARM
		Debug|Mixed Platforms = Debug|Mixed Platforms
		Debug|Windows Phone = Debug|Windows Phone
		Debug|x64 = Debug|x64
		Debug|x86 = Debug|x86
		iOS|Any CPU = iOS|Any CPU
		iOS|ARM = iOS|ARM
		iOS|Mixed Platforms = iOS|Mixed Platforms
		iOS|Windows Phone = iOS|Windows Phone
		iOS|x64 = iOS|x64
		iOS|x86 = iOS|x86
		Linux|Any CPU = Linux|Any CPU
		Linux|ARM = Linux|ARM
		Linux|Mixed Platforms = Linux|Mixed Platforms
		Linux|Windows Phone = Linux|Windows Phone
		Linux|x64 = Linux|x64
		Linux|x86 = Linux|x86
		OSX|Any CPU = OSX|Any CPU
		OSX|ARM = OSX|ARM
		OSX|Mixed Platforms = OSX|Mixed Platforms
		OSX|Windows Phone = OSX|Windows Phone
		OSX|x64 = OSX|x64
		OSX|x86 = OSX|x86
		PSM|Any CPU = PSM|Any CPU
		PSM|ARM = PSM|ARM
		PSM|Mixed Platforms = PSM|Mixed Platforms
		PSM|Windows Phone = PSM|Windows Phone
		PSM|x64 = PSM|x64
		PSM|x86 = PSM|x86
		Release|Any CPU = Release|Any CPU
		Release|ARM = Release|ARM
		Release|Mixed Platforms = Release|Mixed Platforms
		Release|Windows Phone = Release|Windows Phone
		Release|x64 = Release|x64
		Release|x86 = Release|x86
		Windows|Any CPU = Windows|Any CPU
		Windows|ARM = Windows|ARM
		Windows|Mixed Platforms = Windows|Mixed Platforms
		Windows|Windows Phone = Windows|Windows Phone
		Windows|x64 = Windows|x64
		Windows|x86 = Windows|x86
		Windows8|Any CPU = Windows8|Any CPU
		Windows8|ARM = Windows8|ARM
		Windows8|Mixed Platforms = Windows8|Mixed Platforms
		Windows8|Windows Phone = Windows8|Windows Phone
		Windows8|x64 = Windows8|x64
		Windows8|x86 = Windows8|x86
	EndGlobalSection
	GlobalSection(ProjectConfigurationPlatforms) = postSolution
		{E2C1B26C-5DED-4BAC-A625-2EDFFEC157B5}.Android|Any CPU.ActiveCfg = Release|x86
		{E2C1B26C-5DED-4BAC-A625-2EDFFEC157B5}.Android|ARM.ActiveCfg = Release|x86
		{E2C1B26C-5DED-4BAC-A625-2EDFFEC157B5}.Android|Mixed Platforms.ActiveCfg = Release|x86
		{E2C1B26C-5DED-4BAC-A625-2EDFFEC157B5}.Android|Mixed Platforms.Build.0 = Release|x86
		{E2C1B26C-5DED-4BAC-A625-2EDFFEC157B5}.Android|Windows Phone.ActiveCfg = Release|x86
		{E2C1B26C-5DED-4BAC-A625-2EDFFEC157B5}.Android|x64.ActiveCfg = Release|x86
		{E2C1B26C-5DED-4BAC-A625-2EDFFEC157B5}.Android|x86.ActiveCfg = Release|x86
		{E2C1B26C-5DED-4BAC-A625-2EDFFEC157B5}.Android|x86.Build.0 = Release|x86
		{E2C1B26C-5DED-4BAC-A625-2EDFFEC157B5}.Debug|Any CPU.ActiveCfg = Debug|x86
		{E2C1B26C-5DED-4BAC-A625-2EDFFEC157B5}.Debug|ARM.ActiveCfg = Debug|x86
		{E2C1B26C-5DED-4BAC-A625-2EDFFEC157B5}.Debug|Mixed Platforms.ActiveCfg = Debug|x86
		{E2C1B26C-5DED-4BAC-A625-2EDFFEC157B5}.Debug|Mixed Platforms.Build.0 = Debug|x86
		{E2C1B26C-5DED-4BAC-A625-2EDFFEC157B5}.Debug|Windows Phone.ActiveCfg = Debug|x86
		{E2C1B26C-5DED-4BAC-A625-2EDFFEC157B5}.Debug|Windows Phone.Build.0 = Debug|x86
		{E2C1B26C-5DED-4BAC-A625-2EDFFEC157B5}.Debug|x64.ActiveCfg = Debug|x86
		{E2C1B26C-5DED-4BAC-A625-2EDFFEC157B5}.Debug|x86.ActiveCfg = Debug|x86
		{E2C1B26C-5DED-4BAC-A625-2EDFFEC157B5}.Debug|x86.Build.0 = Debug|x86
		{E2C1B26C-5DED-4BAC-A625-2EDFFEC157B5}.iOS|Any CPU.ActiveCfg = Release|x86
		{E2C1B26C-5DED-4BAC-A625-2EDFFEC157B5}.iOS|ARM.ActiveCfg = Release|x86
		{E2C1B26C-5DED-4BAC-A625-2EDFFEC157B5}.iOS|Mixed Platforms.ActiveCfg = Release|x86
		{E2C1B26C-5DED-4BAC-A625-2EDFFEC157B5}.iOS|Mixed Platforms.Build.0 = Release|x86
		{E2C1B26C-5DED-4BAC-A625-2EDFFEC157B5}.iOS|Windows Phone.ActiveCfg = Release|x86
		{E2C1B26C-5DED-4BAC-A625-2EDFFEC157B5}.iOS|x64.ActiveCfg = Release|x86
		{E2C1B26C-5DED-4BAC-A625-2EDFFEC157B5}.iOS|x86.ActiveCfg = Release|x86
		{E2C1B26C-5DED-4BAC-A625-2EDFFEC157B5}.iOS|x86.Build.0 = Release|x86
		{E2C1B26C-5DED-4BAC-A625-2EDFFEC157B5}.Linux|Any CPU.ActiveCfg = Release|x86
		{E2C1B26C-5DED-4BAC-A625-2EDFFEC157B5}.Linux|ARM.ActiveCfg = Release|x86
		{E2C1B26C-5DED-4BAC-A625-2EDFFEC157B5}.Linux|Mixed Platforms.ActiveCfg = Release|x86
		{E2C1B26C-5DED-4BAC-A625-2EDFFEC157B5}.Linux|Mixed Platforms.Build.0 = Release|x86
		{E2C1B26C-5DED-4BAC-A625-2EDFFEC157B5}.Linux|Windows Phone.ActiveCfg = Release|x86
		{E2C1B26C-5DED-4BAC-A625-2EDFFEC157B5}.Linux|x64.ActiveCfg = Release|x86
		{E2C1B26C-5DED-4BAC-A625-2EDFFEC157B5}.Linux|x86.ActiveCfg = Release|x86
		{E2C1B26C-5DED-4BAC-A625-2EDFFEC157B5}.Linux|x86.Build.0 = Release|x86
		{E2C1B26C-5DED-4BAC-A625-2EDFFEC157B5}.OSX|Any CPU.ActiveCfg = Release|x86
		{E2C1B26C-5DED-4BAC-A625-2EDFFEC157B5}.OSX|ARM.ActiveCfg = Release|x86
		{E2C1B26C-5DED-4BAC-A625-2EDFFEC157B5}.OSX|Mixed Platforms.ActiveCfg = Release|x86
		{E2C1B26C-5DED-4BAC-A625-2EDFFEC157B5}.OSX|Mixed Platforms.Build.0 = Release|x86
		{E2C1B26C-5DED-4BAC-A625-2EDFFEC157B5}.OSX|Windows Phone.ActiveCfg = Release|x86
		{E2C1B26C-5DED-4BAC-A625-2EDFFEC157B5}.OSX|x64.ActiveCfg = Release|x86
		{E2C1B26C-5DED-4BAC-A625-2EDFFEC157B5}.OSX|x86.ActiveCfg = Release|x86
		{E2C1B26C-5DED-4BAC-A625-2EDFFEC157B5}.OSX|x86.Build.0 = Release|x86
		{E2C1B26C-5DED-4BAC-A625-2EDFFEC157B5}.PSM|Any CPU.ActiveCfg = Release|x86
		{E2C1B26C-5DED-4BAC-A625-2EDFFEC157B5}.PSM|ARM.ActiveCfg = Release|x86
		{E2C1B26C-5DED-4BAC-A625-2EDFFEC157B5}.PSM|Mixed Platforms.ActiveCfg = Release|x86
		{E2C1B26C-5DED-4BAC-A625-2EDFFEC157B5}.PSM|Mixed Platforms.Build.0 = Release|x86
		{E2C1B26C-5DED-4BAC-A625-2EDFFEC157B5}.PSM|Windows Phone.ActiveCfg = Release|x86
		{E2C1B26C-5DED-4BAC-A625-2EDFFEC157B5}.PSM|x64.ActiveCfg = Release|x86
		{E2C1B26C-5DED-4BAC-A625-2EDFFEC157B5}.PSM|x86.ActiveCfg = Release|x86
		{E2C1B26C-5DED-4BAC-A625-2EDFFEC157B5}.PSM|x86.Build.0 = Release|x86
		{E2C1B26C-5DED-4BAC-A625-2EDFFEC157B5}.Release|Any CPU.ActiveCfg = Release|x86
		{E2C1B26C-5DED-4BAC-A625-2EDFFEC157B5}.Release|ARM.ActiveCfg = Release|x86
		{E2C1B26C-5DED-4BAC-A625-2EDFFEC157B5}.Release|Mixed Platforms.ActiveCfg = Release|x86
		{E2C1B26C-5DED-4BAC-A625-2EDFFEC157B5}.Release|Mixed Platforms.Build.0 = Release|x86
		{E2C1B26C-5DED-4BAC-A625-2EDFFEC157B5}.Release|Windows Phone.ActiveCfg = Release|x86
		{E2C1B26C-5DED-4BAC-A625-2EDFFEC157B5}.Release|Windows Phone.Build.0 = Release|x86
		{E2C1B26C-5DED-4BAC-A625-2EDFFEC157B5}.Release|x64.ActiveCfg = Release|x86
		{E2C1B26C-5DED-4BAC-A625-2EDFFEC157B5}.Release|x86.ActiveCfg = Release|x86
		{E2C1B26C-5DED-4BAC-A625-2EDFFEC157B5}.Release|x86.Build.0 = Release|x86
		{E2C1B26C-5DED-4BAC-A625-2EDFFEC157B5}.Windows|Any CPU.ActiveCfg = Release|x86
		{E2C1B26C-5DED-4BAC-A625-2EDFFEC157B5}.Windows|ARM.ActiveCfg = Release|x86
		{E2C1B26C-5DED-4BAC-A625-2EDFFEC157B5}.Windows|Mixed Platforms.ActiveCfg = Release|x86
		{E2C1B26C-5DED-4BAC-A625-2EDFFEC157B5}.Windows|Mixed Platforms.Build.0 = Release|x86
		{E2C1B26C-5DED-4BAC-A625-2EDFFEC157B5}.Windows|Windows Phone.ActiveCfg = Release|x86
		{E2C1B26C-5DED-4BAC-A625-2EDFFEC157B5}.Windows|x64.ActiveCfg = Release|x86
		{E2C1B26C-5DED-4BAC-A625-2EDFFEC157B5}.Windows|x86.ActiveCfg = Release|x86
		{E2C1B26C-5DED-4BAC-A625-2EDFFEC157B5}.Windows|x86.Build.0 = Release|x86
		{E2C1B26C-5DED-4BAC-A625-2EDFFEC157B5}.Windows8|Any CPU.ActiveCfg = Release|x86
		{E2C1B26C-5DED-4BAC-A625-2EDFFEC157B5}.Windows8|ARM.ActiveCfg = Release|x86
		{E2C1B26C-5DED-4BAC-A625-2EDFFEC157B5}.Windows8|Mixed Platforms.ActiveCfg = Release|x86
		{E2C1B26C-5DED-4BAC-A625-2EDFFEC157B5}.Windows8|Mixed Platforms.Build.0 = Release|x86
		{E2C1B26C-5DED-4BAC-A625-2EDFFEC157B5}.Windows8|Windows Phone.ActiveCfg = Release|x86
		{E2C1B26C-5DED-4BAC-A625-2EDFFEC157B5}.Windows8|x64.ActiveCfg = Release|x86
		{E2C1B26C-5DED-4BAC-A625-2EDFFEC157B5}.Windows8|x86.ActiveCfg = Release|x86
		{E2C1B26C-5DED-4BAC-A625-2EDFFEC157B5}.Windows8|x86.Build.0 = Release|x86
		{5A141A03-A1CD-46EF-8613-DB646A3634D3}.Android|Any CPU.ActiveCfg = Debug|Any CPU
		{5A141A03-A1CD-46EF-8613-DB646A3634D3}.Android|ARM.ActiveCfg = Debug|Any CPU
		{5A141A03-A1CD-46EF-8613-DB646A3634D3}.Android|Mixed Platforms.ActiveCfg = Debug|Any CPU
		{5A141A03-A1CD-46EF-8613-DB646A3634D3}.Android|Windows Phone.ActiveCfg = Debug|Any CPU
		{5A141A03-A1CD-46EF-8613-DB646A3634D3}.Android|x64.ActiveCfg = Debug|Any CPU
		{5A141A03-A1CD-46EF-8613-DB646A3634D3}.Android|x86.ActiveCfg = Debug|Any CPU
		{5A141A03-A1CD-46EF-8613-DB646A3634D3}.Debug|Any CPU.ActiveCfg = Debug|Any CPU
		{5A141A03-A1CD-46EF-8613-DB646A3634D3}.Debug|ARM.ActiveCfg = Debug|Any CPU
		{5A141A03-A1CD-46EF-8613-DB646A3634D3}.Debug|Mixed Platforms.ActiveCfg = Debug|Any CPU
		{5A141A03-A1CD-46EF-8613-DB646A3634D3}.Debug|Windows Phone.ActiveCfg = Debug|Any CPU
		{5A141A03-A1CD-46EF-8613-DB646A3634D3}.Debug|x64.ActiveCfg = Debug|Any CPU
		{5A141A03-A1CD-46EF-8613-DB646A3634D3}.Debug|x86.ActiveCfg = Debug|Any CPU
		{5A141A03-A1CD-46EF-8613-DB646A3634D3}.iOS|Any CPU.ActiveCfg = Debug|Any CPU
		{5A141A03-A1CD-46EF-8613-DB646A3634D3}.iOS|ARM.ActiveCfg = Debug|Any CPU
		{5A141A03-A1CD-46EF-8613-DB646A3634D3}.iOS|Mixed Platforms.ActiveCfg = Debug|Any CPU
		{5A141A03-A1CD-46EF-8613-DB646A3634D3}.iOS|Windows Phone.ActiveCfg = Debug|Any CPU
		{5A141A03-A1CD-46EF-8613-DB646A3634D3}.iOS|x64.ActiveCfg = Debug|Any CPU
		{5A141A03-A1CD-46EF-8613-DB646A3634D3}.iOS|x86.ActiveCfg = Debug|Any CPU
		{5A141A03-A1CD-46EF-8613-DB646A3634D3}.Linux|Any CPU.ActiveCfg = Debug|Any CPU
		{5A141A03-A1CD-46EF-8613-DB646A3634D3}.Linux|ARM.ActiveCfg = Debug|Any CPU
		{5A141A03-A1CD-46EF-8613-DB646A3634D3}.Linux|Mixed Platforms.ActiveCfg = Debug|Any CPU
		{5A141A03-A1CD-46EF-8613-DB646A3634D3}.Linux|Windows Phone.ActiveCfg = Debug|Any CPU
		{5A141A03-A1CD-46EF-8613-DB646A3634D3}.Linux|x64.ActiveCfg = Debug|Any CPU
		{5A141A03-A1CD-46EF-8613-DB646A3634D3}.Linux|x86.ActiveCfg = Debug|Any CPU
		{5A141A03-A1CD-46EF-8613-DB646A3634D3}.OSX|Any CPU.ActiveCfg = Debug|Any CPU
		{5A141A03-A1CD-46EF-8613-DB646A3634D3}.OSX|ARM.ActiveCfg = Debug|Any CPU
		{5A141A03-A1CD-46EF-8613-DB646A3634D3}.OSX|Mixed Platforms.ActiveCfg = Debug|Any CPU
		{5A141A03-A1CD-46EF-8613-DB646A3634D3}.OSX|Windows Phone.ActiveCfg = Debug|Any CPU
		{5A141A03-A1CD-46EF-8613-DB646A3634D3}.OSX|x64.ActiveCfg = Debug|Any CPU
		{5A141A03-A1CD-46EF-8613-DB646A3634D3}.OSX|x86.ActiveCfg = Debug|Any CPU
		{5A141A03-A1CD-46EF-8613-DB646A3634D3}.PSM|Any CPU.ActiveCfg = Debug|Any CPU
		{5A141A03-A1CD-46EF-8613-DB646A3634D3}.PSM|ARM.ActiveCfg = Debug|Any CPU
		{5A141A03-A1CD-46EF-8613-DB646A3634D3}.PSM|Mixed Platforms.ActiveCfg = Debug|Any CPU
		{5A141A03-A1CD-46EF-8613-DB646A3634D3}.PSM|Windows Phone.ActiveCfg = Debug|Any CPU
		{5A141A03-A1CD-46EF-8613-DB646A3634D3}.PSM|x64.ActiveCfg = Debug|Any CPU
		{5A141A03-A1CD-46EF-8613-DB646A3634D3}.PSM|x86.ActiveCfg = Debug|Any CPU
		{5A141A03-A1CD-46EF-8613-DB646A3634D3}.Release|Any CPU.ActiveCfg = Debug|Any CPU
		{5A141A03-A1CD-46EF-8613-DB646A3634D3}.Release|ARM.ActiveCfg = Debug|Any CPU
		{5A141A03-A1CD-46EF-8613-DB646A3634D3}.Release|Mixed Platforms.ActiveCfg = Debug|Any CPU
		{5A141A03-A1CD-46EF-8613-DB646A3634D3}.Release|Windows Phone.ActiveCfg = Debug|Any CPU
		{5A141A03-A1CD-46EF-8613-DB646A3634D3}.Release|x64.ActiveCfg = Debug|Any CPU
		{5A141A03-A1CD-46EF-8613-DB646A3634D3}.Release|x86.ActiveCfg = Debug|Any CPU
		{5A141A03-A1CD-46EF-8613-DB646A3634D3}.Windows|Any CPU.ActiveCfg = Debug|Any CPU
		{5A141A03-A1CD-46EF-8613-DB646A3634D3}.Windows|ARM.ActiveCfg = Debug|Any CPU
		{5A141A03-A1CD-46EF-8613-DB646A3634D3}.Windows|Mixed Platforms.ActiveCfg = Debug|Any CPU
		{5A141A03-A1CD-46EF-8613-DB646A3634D3}.Windows|Windows Phone.ActiveCfg = Debug|Any CPU
		{5A141A03-A1CD-46EF-8613-DB646A3634D3}.Windows|x64.ActiveCfg = Debug|Any CPU
		{5A141A03-A1CD-46EF-8613-DB646A3634D3}.Windows|x86.ActiveCfg = Debug|Any CPU
		{5A141A03-A1CD-46EF-8613-DB646A3634D3}.Windows8|Any CPU.ActiveCfg = Debug|Any CPU
		{5A141A03-A1CD-46EF-8613-DB646A3634D3}.Windows8|ARM.ActiveCfg = Debug|Any CPU
		{5A141A03-A1CD-46EF-8613-DB646A3634D3}.Windows8|Mixed Platforms.ActiveCfg = Debug|Any CPU
		{5A141A03-A1CD-46EF-8613-DB646A3634D3}.Windows8|Windows Phone.ActiveCfg = Debug|Any CPU
		{5A141A03-A1CD-46EF-8613-DB646A3634D3}.Windows8|x64.ActiveCfg = Debug|Any CPU
		{5A141A03-A1CD-46EF-8613-DB646A3634D3}.Windows8|x86.ActiveCfg = Debug|Any CPU
		{D70BC9B4-1F48-4D64-AAB4-615B1292FE74}.Android|Any CPU.ActiveCfg = Release|Any CPU
		{D70BC9B4-1F48-4D64-AAB4-615B1292FE74}.Android|Any CPU.Build.0 = Release|Any CPU
		{D70BC9B4-1F48-4D64-AAB4-615B1292FE74}.Android|ARM.ActiveCfg = Release|Any CPU
		{D70BC9B4-1F48-4D64-AAB4-615B1292FE74}.Android|Mixed Platforms.ActiveCfg = Release|Any CPU
		{D70BC9B4-1F48-4D64-AAB4-615B1292FE74}.Android|Mixed Platforms.Build.0 = Release|Any CPU
		{D70BC9B4-1F48-4D64-AAB4-615B1292FE74}.Android|Windows Phone.ActiveCfg = Release|Any CPU
		{D70BC9B4-1F48-4D64-AAB4-615B1292FE74}.Android|x64.ActiveCfg = Release|Any CPU
		{D70BC9B4-1F48-4D64-AAB4-615B1292FE74}.Android|x86.ActiveCfg = Release|Any CPU
		{D70BC9B4-1F48-4D64-AAB4-615B1292FE74}.Debug|Any CPU.ActiveCfg = Debug|Any CPU
		{D70BC9B4-1F48-4D64-AAB4-615B1292FE74}.Debug|Any CPU.Build.0 = Debug|Any CPU
		{D70BC9B4-1F48-4D64-AAB4-615B1292FE74}.Debug|ARM.ActiveCfg = Debug|Any CPU
		{D70BC9B4-1F48-4D64-AAB4-615B1292FE74}.Debug|Mixed Platforms.ActiveCfg = Debug|Any CPU
		{D70BC9B4-1F48-4D64-AAB4-615B1292FE74}.Debug|Mixed Platforms.Build.0 = Debug|Any CPU
		{D70BC9B4-1F48-4D64-AAB4-615B1292FE74}.Debug|Windows Phone.ActiveCfg = Debug|Any CPU
		{D70BC9B4-1F48-4D64-AAB4-615B1292FE74}.Debug|x64.ActiveCfg = Debug|Any CPU
		{D70BC9B4-1F48-4D64-AAB4-615B1292FE74}.Debug|x86.ActiveCfg = Debug|Any CPU
		{D70BC9B4-1F48-4D64-AAB4-615B1292FE74}.iOS|Any CPU.ActiveCfg = Release|Any CPU
		{D70BC9B4-1F48-4D64-AAB4-615B1292FE74}.iOS|Any CPU.Build.0 = Release|Any CPU
		{D70BC9B4-1F48-4D64-AAB4-615B1292FE74}.iOS|ARM.ActiveCfg = Release|Any CPU
		{D70BC9B4-1F48-4D64-AAB4-615B1292FE74}.iOS|Mixed Platforms.ActiveCfg = Release|Any CPU
		{D70BC9B4-1F48-4D64-AAB4-615B1292FE74}.iOS|Mixed Platforms.Build.0 = Release|Any CPU
		{D70BC9B4-1F48-4D64-AAB4-615B1292FE74}.iOS|Windows Phone.ActiveCfg = Release|Any CPU
		{D70BC9B4-1F48-4D64-AAB4-615B1292FE74}.iOS|x64.ActiveCfg = Release|Any CPU
		{D70BC9B4-1F48-4D64-AAB4-615B1292FE74}.iOS|x86.ActiveCfg = Release|Any CPU
		{D70BC9B4-1F48-4D64-AAB4-615B1292FE74}.Linux|Any CPU.ActiveCfg = Release|Any CPU
		{D70BC9B4-1F48-4D64-AAB4-615B1292FE74}.Linux|Any CPU.Build.0 = Release|Any CPU
		{D70BC9B4-1F48-4D64-AAB4-615B1292FE74}.Linux|ARM.ActiveCfg = Release|Any CPU
		{D70BC9B4-1F48-4D64-AAB4-615B1292FE74}.Linux|Mixed Platforms.ActiveCfg = Release|Any CPU
		{D70BC9B4-1F48-4D64-AAB4-615B1292FE74}.Linux|Mixed Platforms.Build.0 = Release|Any CPU
		{D70BC9B4-1F48-4D64-AAB4-615B1292FE74}.Linux|Windows Phone.ActiveCfg = Release|Any CPU
		{D70BC9B4-1F48-4D64-AAB4-615B1292FE74}.Linux|x64.ActiveCfg = Release|Any CPU
		{D70BC9B4-1F48-4D64-AAB4-615B1292FE74}.Linux|x86.ActiveCfg = Release|Any CPU
		{D70BC9B4-1F48-4D64-AAB4-615B1292FE74}.OSX|Any CPU.ActiveCfg = Release|Any CPU
		{D70BC9B4-1F48-4D64-AAB4-615B1292FE74}.OSX|Any CPU.Build.0 = Release|Any CPU
		{D70BC9B4-1F48-4D64-AAB4-615B1292FE74}.OSX|ARM.ActiveCfg = Release|Any CPU
		{D70BC9B4-1F48-4D64-AAB4-615B1292FE74}.OSX|Mixed Platforms.ActiveCfg = Release|Any CPU
		{D70BC9B4-1F48-4D64-AAB4-615B1292FE74}.OSX|Mixed Platforms.Build.0 = Release|Any CPU
		{D70BC9B4-1F48-4D64-AAB4-615B1292FE74}.OSX|Windows Phone.ActiveCfg = Release|Any CPU
		{D70BC9B4-1F48-4D64-AAB4-615B1292FE74}.OSX|x64.ActiveCfg = Release|Any CPU
		{D70BC9B4-1F48-4D64-AAB4-615B1292FE74}.OSX|x86.ActiveCfg = Release|Any CPU
		{D70BC9B4-1F48-4D64-AAB4-615B1292FE74}.PSM|Any CPU.ActiveCfg = Release|Any CPU
		{D70BC9B4-1F48-4D64-AAB4-615B1292FE74}.PSM|Any CPU.Build.0 = Release|Any CPU
		{D70BC9B4-1F48-4D64-AAB4-615B1292FE74}.PSM|ARM.ActiveCfg = Release|Any CPU
		{D70BC9B4-1F48-4D64-AAB4-615B1292FE74}.PSM|Mixed Platforms.ActiveCfg = Release|Any CPU
		{D70BC9B4-1F48-4D64-AAB4-615B1292FE74}.PSM|Mixed Platforms.Build.0 = Release|Any CPU
		{D70BC9B4-1F48-4D64-AAB4-615B1292FE74}.PSM|Windows Phone.ActiveCfg = Release|Any CPU
		{D70BC9B4-1F48-4D64-AAB4-615B1292FE74}.PSM|x64.ActiveCfg = Release|Any CPU
		{D70BC9B4-1F48-4D64-AAB4-615B1292FE74}.PSM|x86.ActiveCfg = Release|Any CPU
		{D70BC9B4-1F48-4D64-AAB4-615B1292FE74}.Release|Any CPU.ActiveCfg = Release|Any CPU
		{D70BC9B4-1F48-4D64-AAB4-615B1292FE74}.Release|Any CPU.Build.0 = Release|Any CPU
		{D70BC9B4-1F48-4D64-AAB4-615B1292FE74}.Release|ARM.ActiveCfg = Release|Any CPU
		{D70BC9B4-1F48-4D64-AAB4-615B1292FE74}.Release|Mixed Platforms.ActiveCfg = Release|Any CPU
		{D70BC9B4-1F48-4D64-AAB4-615B1292FE74}.Release|Mixed Platforms.Build.0 = Release|Any CPU
		{D70BC9B4-1F48-4D64-AAB4-615B1292FE74}.Release|Windows Phone.ActiveCfg = Release|Any CPU
		{D70BC9B4-1F48-4D64-AAB4-615B1292FE74}.Release|x64.ActiveCfg = Release|Any CPU
		{D70BC9B4-1F48-4D64-AAB4-615B1292FE74}.Release|x86.ActiveCfg = Release|Any CPU
		{D70BC9B4-1F48-4D64-AAB4-615B1292FE74}.Windows|Any CPU.ActiveCfg = Release|Any CPU
		{D70BC9B4-1F48-4D64-AAB4-615B1292FE74}.Windows|Any CPU.Build.0 = Release|Any CPU
		{D70BC9B4-1F48-4D64-AAB4-615B1292FE74}.Windows|ARM.ActiveCfg = Release|Any CPU
		{D70BC9B4-1F48-4D64-AAB4-615B1292FE74}.Windows|Mixed Platforms.ActiveCfg = Release|Any CPU
		{D70BC9B4-1F48-4D64-AAB4-615B1292FE74}.Windows|Mixed Platforms.Build.0 = Release|Any CPU
		{D70BC9B4-1F48-4D64-AAB4-615B1292FE74}.Windows|Windows Phone.ActiveCfg = Release|Any CPU
		{D70BC9B4-1F48-4D64-AAB4-615B1292FE74}.Windows|x64.ActiveCfg = Release|Any CPU
		{D70BC9B4-1F48-4D64-AAB4-615B1292FE74}.Windows|x86.ActiveCfg = Release|Any CPU
		{D70BC9B4-1F48-4D64-AAB4-615B1292FE74}.Windows8|Any CPU.ActiveCfg = Release|Any CPU
		{D70BC9B4-1F48-4D64-AAB4-615B1292FE74}.Windows8|Any CPU.Build.0 = Release|Any CPU
		{D70BC9B4-1F48-4D64-AAB4-615B1292FE74}.Windows8|ARM.ActiveCfg = Release|Any CPU
		{D70BC9B4-1F48-4D64-AAB4-615B1292FE74}.Windows8|Mixed Platforms.ActiveCfg = Release|Any CPU
		{D70BC9B4-1F48-4D64-AAB4-615B1292FE74}.Windows8|Mixed Platforms.Build.0 = Release|Any CPU
		{D70BC9B4-1F48-4D64-AAB4-615B1292FE74}.Windows8|Windows Phone.ActiveCfg = Release|Any CPU
		{D70BC9B4-1F48-4D64-AAB4-615B1292FE74}.Windows8|x64.ActiveCfg = Release|Any CPU
		{D70BC9B4-1F48-4D64-AAB4-615B1292FE74}.Windows8|x86.ActiveCfg = Release|Any CPU
		{73AE0F55-4559-4F4A-9D84-819B63951AB3}.Android|Any CPU.ActiveCfg = Release|x86
		{73AE0F55-4559-4F4A-9D84-819B63951AB3}.Android|ARM.ActiveCfg = Release|x86
		{73AE0F55-4559-4F4A-9D84-819B63951AB3}.Android|Mixed Platforms.ActiveCfg = Release|x86
		{73AE0F55-4559-4F4A-9D84-819B63951AB3}.Android|Mixed Platforms.Build.0 = Release|x86
		{73AE0F55-4559-4F4A-9D84-819B63951AB3}.Android|Windows Phone.ActiveCfg = Release|x86
		{73AE0F55-4559-4F4A-9D84-819B63951AB3}.Android|x64.ActiveCfg = Release|x86
		{73AE0F55-4559-4F4A-9D84-819B63951AB3}.Android|x86.ActiveCfg = Release|x86
		{73AE0F55-4559-4F4A-9D84-819B63951AB3}.Android|x86.Build.0 = Release|x86
		{73AE0F55-4559-4F4A-9D84-819B63951AB3}.Debug|Any CPU.ActiveCfg = Debug|x86
		{73AE0F55-4559-4F4A-9D84-819B63951AB3}.Debug|Any CPU.Build.0 = Debug|x86
		{73AE0F55-4559-4F4A-9D84-819B63951AB3}.Debug|ARM.ActiveCfg = Debug|x86
		{73AE0F55-4559-4F4A-9D84-819B63951AB3}.Debug|ARM.Build.0 = Debug|x86
		{73AE0F55-4559-4F4A-9D84-819B63951AB3}.Debug|Mixed Platforms.ActiveCfg = Debug|x86
		{73AE0F55-4559-4F4A-9D84-819B63951AB3}.Debug|Mixed Platforms.Build.0 = Debug|x86
		{73AE0F55-4559-4F4A-9D84-819B63951AB3}.Debug|Windows Phone.ActiveCfg = Debug|x86
		{73AE0F55-4559-4F4A-9D84-819B63951AB3}.Debug|Windows Phone.Build.0 = Debug|x86
		{73AE0F55-4559-4F4A-9D84-819B63951AB3}.Debug|x64.ActiveCfg = Debug|x86
		{73AE0F55-4559-4F4A-9D84-819B63951AB3}.Debug|x64.Build.0 = Debug|x86
		{73AE0F55-4559-4F4A-9D84-819B63951AB3}.Debug|x86.ActiveCfg = Debug|x86
		{73AE0F55-4559-4F4A-9D84-819B63951AB3}.Debug|x86.Build.0 = Debug|x86
		{73AE0F55-4559-4F4A-9D84-819B63951AB3}.iOS|Any CPU.ActiveCfg = Release|x86
		{73AE0F55-4559-4F4A-9D84-819B63951AB3}.iOS|ARM.ActiveCfg = Release|x86
		{73AE0F55-4559-4F4A-9D84-819B63951AB3}.iOS|Mixed Platforms.ActiveCfg = Release|x86
		{73AE0F55-4559-4F4A-9D84-819B63951AB3}.iOS|Mixed Platforms.Build.0 = Release|x86
		{73AE0F55-4559-4F4A-9D84-819B63951AB3}.iOS|Windows Phone.ActiveCfg = Release|x86
		{73AE0F55-4559-4F4A-9D84-819B63951AB3}.iOS|x64.ActiveCfg = Release|x86
		{73AE0F55-4559-4F4A-9D84-819B63951AB3}.iOS|x86.ActiveCfg = Release|x86
		{73AE0F55-4559-4F4A-9D84-819B63951AB3}.iOS|x86.Build.0 = Release|x86
		{73AE0F55-4559-4F4A-9D84-819B63951AB3}.Linux|Any CPU.ActiveCfg = Release|x86
		{73AE0F55-4559-4F4A-9D84-819B63951AB3}.Linux|ARM.ActiveCfg = Release|x86
		{73AE0F55-4559-4F4A-9D84-819B63951AB3}.Linux|Mixed Platforms.ActiveCfg = Release|x86
		{73AE0F55-4559-4F4A-9D84-819B63951AB3}.Linux|Mixed Platforms.Build.0 = Release|x86
		{73AE0F55-4559-4F4A-9D84-819B63951AB3}.Linux|Windows Phone.ActiveCfg = Release|x86
		{73AE0F55-4559-4F4A-9D84-819B63951AB3}.Linux|x64.ActiveCfg = Release|x86
		{73AE0F55-4559-4F4A-9D84-819B63951AB3}.Linux|x86.ActiveCfg = Release|x86
		{73AE0F55-4559-4F4A-9D84-819B63951AB3}.Linux|x86.Build.0 = Release|x86
		{73AE0F55-4559-4F4A-9D84-819B63951AB3}.OSX|Any CPU.ActiveCfg = Release|x86
		{73AE0F55-4559-4F4A-9D84-819B63951AB3}.OSX|ARM.ActiveCfg = Release|x86
		{73AE0F55-4559-4F4A-9D84-819B63951AB3}.OSX|Mixed Platforms.ActiveCfg = Release|x86
		{73AE0F55-4559-4F4A-9D84-819B63951AB3}.OSX|Mixed Platforms.Build.0 = Release|x86
		{73AE0F55-4559-4F4A-9D84-819B63951AB3}.OSX|Windows Phone.ActiveCfg = Release|x86
		{73AE0F55-4559-4F4A-9D84-819B63951AB3}.OSX|x64.ActiveCfg = Release|x86
		{73AE0F55-4559-4F4A-9D84-819B63951AB3}.OSX|x86.ActiveCfg = Release|x86
		{73AE0F55-4559-4F4A-9D84-819B63951AB3}.OSX|x86.Build.0 = Release|x86
		{73AE0F55-4559-4F4A-9D84-819B63951AB3}.PSM|Any CPU.ActiveCfg = Release|x86
		{73AE0F55-4559-4F4A-9D84-819B63951AB3}.PSM|ARM.ActiveCfg = Release|x86
		{73AE0F55-4559-4F4A-9D84-819B63951AB3}.PSM|Mixed Platforms.ActiveCfg = Release|x86
		{73AE0F55-4559-4F4A-9D84-819B63951AB3}.PSM|Mixed Platforms.Build.0 = Release|x86
		{73AE0F55-4559-4F4A-9D84-819B63951AB3}.PSM|Windows Phone.ActiveCfg = Release|x86
		{73AE0F55-4559-4F4A-9D84-819B63951AB3}.PSM|x64.ActiveCfg = Release|x86
		{73AE0F55-4559-4F4A-9D84-819B63951AB3}.PSM|x86.ActiveCfg = Release|x86
		{73AE0F55-4559-4F4A-9D84-819B63951AB3}.PSM|x86.Build.0 = Release|x86
		{73AE0F55-4559-4F4A-9D84-819B63951AB3}.Release|Any CPU.ActiveCfg = Release|x86
		{73AE0F55-4559-4F4A-9D84-819B63951AB3}.Release|Any CPU.Build.0 = Release|x86
		{73AE0F55-4559-4F4A-9D84-819B63951AB3}.Release|ARM.ActiveCfg = Release|x86
		{73AE0F55-4559-4F4A-9D84-819B63951AB3}.Release|ARM.Build.0 = Release|x86
		{73AE0F55-4559-4F4A-9D84-819B63951AB3}.Release|Mixed Platforms.ActiveCfg = Release|x86
		{73AE0F55-4559-4F4A-9D84-819B63951AB3}.Release|Mixed Platforms.Build.0 = Release|x86
		{73AE0F55-4559-4F4A-9D84-819B63951AB3}.Release|Windows Phone.ActiveCfg = Release|x86
		{73AE0F55-4559-4F4A-9D84-819B63951AB3}.Release|Windows Phone.Build.0 = Release|x86
		{73AE0F55-4559-4F4A-9D84-819B63951AB3}.Release|x64.ActiveCfg = Release|x86
		{73AE0F55-4559-4F4A-9D84-819B63951AB3}.Release|x64.Build.0 = Release|x86
		{73AE0F55-4559-4F4A-9D84-819B63951AB3}.Release|x86.ActiveCfg = Release|x86
		{73AE0F55-4559-4F4A-9D84-819B63951AB3}.Release|x86.Build.0 = Release|x86
		{73AE0F55-4559-4F4A-9D84-819B63951AB3}.Windows|Any CPU.ActiveCfg = Release|x86
		{73AE0F55-4559-4F4A-9D84-819B63951AB3}.Windows|ARM.ActiveCfg = Release|x86
		{73AE0F55-4559-4F4A-9D84-819B63951AB3}.Windows|Mixed Platforms.ActiveCfg = Release|x86
		{73AE0F55-4559-4F4A-9D84-819B63951AB3}.Windows|Mixed Platforms.Build.0 = Release|x86
		{73AE0F55-4559-4F4A-9D84-819B63951AB3}.Windows|Windows Phone.ActiveCfg = Release|x86
		{73AE0F55-4559-4F4A-9D84-819B63951AB3}.Windows|x64.ActiveCfg = Release|x86
		{73AE0F55-4559-4F4A-9D84-819B63951AB3}.Windows|x86.ActiveCfg = Release|x86
		{73AE0F55-4559-4F4A-9D84-819B63951AB3}.Windows|x86.Build.0 = Release|x86
		{73AE0F55-4559-4F4A-9D84-819B63951AB3}.Windows8|Any CPU.ActiveCfg = Release|x86
		{73AE0F55-4559-4F4A-9D84-819B63951AB3}.Windows8|ARM.ActiveCfg = Release|x86
		{73AE0F55-4559-4F4A-9D84-819B63951AB3}.Windows8|Mixed Platforms.ActiveCfg = Release|x86
		{73AE0F55-4559-4F4A-9D84-819B63951AB3}.Windows8|Mixed Platforms.Build.0 = Release|x86
		{73AE0F55-4559-4F4A-9D84-819B63951AB3}.Windows8|Windows Phone.ActiveCfg = Release|x86
		{73AE0F55-4559-4F4A-9D84-819B63951AB3}.Windows8|x64.ActiveCfg = Release|x86
		{73AE0F55-4559-4F4A-9D84-819B63951AB3}.Windows8|x86.ActiveCfg = Release|x86
		{73AE0F55-4559-4F4A-9D84-819B63951AB3}.Windows8|x86.Build.0 = Release|x86
		{F311C413-E175-485E-8A93-799AB971CA09}.Android|Any CPU.ActiveCfg = Release|Any CPU
		{F311C413-E175-485E-8A93-799AB971CA09}.Android|Any CPU.Build.0 = Release|Any CPU
		{F311C413-E175-485E-8A93-799AB971CA09}.Android|ARM.ActiveCfg = Release|Any CPU
		{F311C413-E175-485E-8A93-799AB971CA09}.Android|Mixed Platforms.ActiveCfg = Release|Any CPU
		{F311C413-E175-485E-8A93-799AB971CA09}.Android|Mixed Platforms.Build.0 = Release|Any CPU
		{F311C413-E175-485E-8A93-799AB971CA09}.Android|Windows Phone.ActiveCfg = Release|Any CPU
		{F311C413-E175-485E-8A93-799AB971CA09}.Android|x64.ActiveCfg = Release|Any CPU
		{F311C413-E175-485E-8A93-799AB971CA09}.Android|x86.ActiveCfg = Release|Any CPU
		{F311C413-E175-485E-8A93-799AB971CA09}.Debug|Any CPU.ActiveCfg = Debug|Any CPU
		{F311C413-E175-485E-8A93-799AB971CA09}.Debug|Any CPU.Build.0 = Debug|Any CPU
		{F311C413-E175-485E-8A93-799AB971CA09}.Debug|ARM.ActiveCfg = Debug|Any CPU
		{F311C413-E175-485E-8A93-799AB971CA09}.Debug|Mixed Platforms.ActiveCfg = Debug|Any CPU
		{F311C413-E175-485E-8A93-799AB971CA09}.Debug|Mixed Platforms.Build.0 = Debug|Any CPU
		{F311C413-E175-485E-8A93-799AB971CA09}.Debug|Windows Phone.ActiveCfg = Debug|Any CPU
		{F311C413-E175-485E-8A93-799AB971CA09}.Debug|x64.ActiveCfg = Debug|Any CPU
		{F311C413-E175-485E-8A93-799AB971CA09}.Debug|x86.ActiveCfg = Debug|Any CPU
		{F311C413-E175-485E-8A93-799AB971CA09}.iOS|Any CPU.ActiveCfg = Release|Any CPU
		{F311C413-E175-485E-8A93-799AB971CA09}.iOS|Any CPU.Build.0 = Release|Any CPU
		{F311C413-E175-485E-8A93-799AB971CA09}.iOS|ARM.ActiveCfg = Release|Any CPU
		{F311C413-E175-485E-8A93-799AB971CA09}.iOS|Mixed Platforms.ActiveCfg = Release|Any CPU
		{F311C413-E175-485E-8A93-799AB971CA09}.iOS|Mixed Platforms.Build.0 = Release|Any CPU
		{F311C413-E175-485E-8A93-799AB971CA09}.iOS|Windows Phone.ActiveCfg = Release|Any CPU
		{F311C413-E175-485E-8A93-799AB971CA09}.iOS|x64.ActiveCfg = Release|Any CPU
		{F311C413-E175-485E-8A93-799AB971CA09}.iOS|x86.ActiveCfg = Release|Any CPU
		{F311C413-E175-485E-8A93-799AB971CA09}.Linux|Any CPU.ActiveCfg = Release|Any CPU
		{F311C413-E175-485E-8A93-799AB971CA09}.Linux|Any CPU.Build.0 = Release|Any CPU
		{F311C413-E175-485E-8A93-799AB971CA09}.Linux|ARM.ActiveCfg = Release|Any CPU
		{F311C413-E175-485E-8A93-799AB971CA09}.Linux|Mixed Platforms.ActiveCfg = Release|Any CPU
		{F311C413-E175-485E-8A93-799AB971CA09}.Linux|Mixed Platforms.Build.0 = Release|Any CPU
		{F311C413-E175-485E-8A93-799AB971CA09}.Linux|Windows Phone.ActiveCfg = Release|Any CPU
		{F311C413-E175-485E-8A93-799AB971CA09}.Linux|x64.ActiveCfg = Release|Any CPU
		{F311C413-E175-485E-8A93-799AB971CA09}.Linux|x86.ActiveCfg = Release|Any CPU
		{F311C413-E175-485E-8A93-799AB971CA09}.OSX|Any CPU.ActiveCfg = Release|Any CPU
		{F311C413-E175-485E-8A93-799AB971CA09}.OSX|Any CPU.Build.0 = Release|Any CPU
		{F311C413-E175-485E-8A93-799AB971CA09}.OSX|ARM.ActiveCfg = Release|Any CPU
		{F311C413-E175-485E-8A93-799AB971CA09}.OSX|Mixed Platforms.ActiveCfg = Release|Any CPU
		{F311C413-E175-485E-8A93-799AB971CA09}.OSX|Mixed Platforms.Build.0 = Release|Any CPU
		{F311C413-E175-485E-8A93-799AB971CA09}.OSX|Windows Phone.ActiveCfg = Release|Any CPU
		{F311C413-E175-485E-8A93-799AB971CA09}.OSX|x64.ActiveCfg = Release|Any CPU
		{F311C413-E175-485E-8A93-799AB971CA09}.OSX|x86.ActiveCfg = Release|Any CPU
		{F311C413-E175-485E-8A93-799AB971CA09}.PSM|Any CPU.ActiveCfg = Release|Any CPU
		{F311C413-E175-485E-8A93-799AB971CA09}.PSM|Any CPU.Build.0 = Release|Any CPU
		{F311C413-E175-485E-8A93-799AB971CA09}.PSM|ARM.ActiveCfg = Release|Any CPU
		{F311C413-E175-485E-8A93-799AB971CA09}.PSM|Mixed Platforms.ActiveCfg = Release|Any CPU
		{F311C413-E175-485E-8A93-799AB971CA09}.PSM|Mixed Platforms.Build.0 = Release|Any CPU
		{F311C413-E175-485E-8A93-799AB971CA09}.PSM|Windows Phone.ActiveCfg = Release|Any CPU
		{F311C413-E175-485E-8A93-799AB971CA09}.PSM|x64.ActiveCfg = Release|Any CPU
		{F311C413-E175-485E-8A93-799AB971CA09}.PSM|x86.ActiveCfg = Release|Any CPU
		{F311C413-E175-485E-8A93-799AB971CA09}.Release|Any CPU.ActiveCfg = Release|Any CPU
		{F311C413-E175-485E-8A93-799AB971CA09}.Release|Any CPU.Build.0 = Release|Any CPU
		{F311C413-E175-485E-8A93-799AB971CA09}.Release|ARM.ActiveCfg = Release|Any CPU
		{F311C413-E175-485E-8A93-799AB971CA09}.Release|Mixed Platforms.ActiveCfg = Release|Any CPU
		{F311C413-E175-485E-8A93-799AB971CA09}.Release|Mixed Platforms.Build.0 = Release|Any CPU
		{F311C413-E175-485E-8A93-799AB971CA09}.Release|Windows Phone.ActiveCfg = Release|Any CPU
		{F311C413-E175-485E-8A93-799AB971CA09}.Release|x64.ActiveCfg = Release|Any CPU
		{F311C413-E175-485E-8A93-799AB971CA09}.Release|x86.ActiveCfg = Release|Any CPU
		{F311C413-E175-485E-8A93-799AB971CA09}.Windows|Any CPU.ActiveCfg = Release|Any CPU
		{F311C413-E175-485E-8A93-799AB971CA09}.Windows|Any CPU.Build.0 = Release|Any CPU
		{F311C413-E175-485E-8A93-799AB971CA09}.Windows|ARM.ActiveCfg = Release|Any CPU
		{F311C413-E175-485E-8A93-799AB971CA09}.Windows|Mixed Platforms.ActiveCfg = Release|Any CPU
		{F311C413-E175-485E-8A93-799AB971CA09}.Windows|Mixed Platforms.Build.0 = Release|Any CPU
		{F311C413-E175-485E-8A93-799AB971CA09}.Windows|Windows Phone.ActiveCfg = Release|Any CPU
		{F311C413-E175-485E-8A93-799AB971CA09}.Windows|x64.ActiveCfg = Release|Any CPU
		{F311C413-E175-485E-8A93-799AB971CA09}.Windows|x86.ActiveCfg = Release|Any CPU
		{F311C413-E175-485E-8A93-799AB971CA09}.Windows8|Any CPU.ActiveCfg = Release|Any CPU
		{F311C413-E175-485E-8A93-799AB971CA09}.Windows8|Any CPU.Build.0 = Release|Any CPU
		{F311C413-E175-485E-8A93-799AB971CA09}.Windows8|ARM.ActiveCfg = Release|Any CPU
		{F311C413-E175-485E-8A93-799AB971CA09}.Windows8|Mixed Platforms.ActiveCfg = Release|Any CPU
		{F311C413-E175-485E-8A93-799AB971CA09}.Windows8|Mixed Platforms.Build.0 = Release|Any CPU
		{F311C413-E175-485E-8A93-799AB971CA09}.Windows8|Windows Phone.ActiveCfg = Release|Any CPU
		{F311C413-E175-485E-8A93-799AB971CA09}.Windows8|x64.ActiveCfg = Release|Any CPU
		{F311C413-E175-485E-8A93-799AB971CA09}.Windows8|x86.ActiveCfg = Release|Any CPU
		{43E57147-8C31-48F8-8C54-F090BF9D715B}.Android|Any CPU.ActiveCfg = Release|x86
		{43E57147-8C31-48F8-8C54-F090BF9D715B}.Android|ARM.ActiveCfg = Release|x86
		{43E57147-8C31-48F8-8C54-F090BF9D715B}.Android|Mixed Platforms.ActiveCfg = Release|x86
		{43E57147-8C31-48F8-8C54-F090BF9D715B}.Android|Mixed Platforms.Build.0 = Release|x86
		{43E57147-8C31-48F8-8C54-F090BF9D715B}.Android|Windows Phone.ActiveCfg = Release|x86
		{43E57147-8C31-48F8-8C54-F090BF9D715B}.Android|x64.ActiveCfg = Release|x86
		{43E57147-8C31-48F8-8C54-F090BF9D715B}.Android|x86.ActiveCfg = Release|x86
		{43E57147-8C31-48F8-8C54-F090BF9D715B}.Android|x86.Build.0 = Release|x86
		{43E57147-8C31-48F8-8C54-F090BF9D715B}.Debug|Any CPU.ActiveCfg = Debug|x86
		{43E57147-8C31-48F8-8C54-F090BF9D715B}.Debug|ARM.ActiveCfg = Debug|x86
		{43E57147-8C31-48F8-8C54-F090BF9D715B}.Debug|Mixed Platforms.ActiveCfg = Debug|x86
		{43E57147-8C31-48F8-8C54-F090BF9D715B}.Debug|Mixed Platforms.Build.0 = Debug|x86
		{43E57147-8C31-48F8-8C54-F090BF9D715B}.Debug|Windows Phone.ActiveCfg = Debug|x86
		{43E57147-8C31-48F8-8C54-F090BF9D715B}.Debug|x64.ActiveCfg = Debug|x86
		{43E57147-8C31-48F8-8C54-F090BF9D715B}.Debug|x86.ActiveCfg = Debug|x86
		{43E57147-8C31-48F8-8C54-F090BF9D715B}.Debug|x86.Build.0 = Debug|x86
		{43E57147-8C31-48F8-8C54-F090BF9D715B}.iOS|Any CPU.ActiveCfg = Release|x86
		{43E57147-8C31-48F8-8C54-F090BF9D715B}.iOS|ARM.ActiveCfg = Release|x86
		{43E57147-8C31-48F8-8C54-F090BF9D715B}.iOS|Mixed Platforms.ActiveCfg = Release|x86
		{43E57147-8C31-48F8-8C54-F090BF9D715B}.iOS|Mixed Platforms.Build.0 = Release|x86
		{43E57147-8C31-48F8-8C54-F090BF9D715B}.iOS|Windows Phone.ActiveCfg = Release|x86
		{43E57147-8C31-48F8-8C54-F090BF9D715B}.iOS|x64.ActiveCfg = Release|x86
		{43E57147-8C31-48F8-8C54-F090BF9D715B}.iOS|x86.ActiveCfg = Release|x86
		{43E57147-8C31-48F8-8C54-F090BF9D715B}.iOS|x86.Build.0 = Release|x86
		{43E57147-8C31-48F8-8C54-F090BF9D715B}.Linux|Any CPU.ActiveCfg = Release|x86
		{43E57147-8C31-48F8-8C54-F090BF9D715B}.Linux|ARM.ActiveCfg = Release|x86
		{43E57147-8C31-48F8-8C54-F090BF9D715B}.Linux|Mixed Platforms.ActiveCfg = Release|x86
		{43E57147-8C31-48F8-8C54-F090BF9D715B}.Linux|Mixed Platforms.Build.0 = Release|x86
		{43E57147-8C31-48F8-8C54-F090BF9D715B}.Linux|Windows Phone.ActiveCfg = Release|x86
		{43E57147-8C31-48F8-8C54-F090BF9D715B}.Linux|x64.ActiveCfg = Release|x86
		{43E57147-8C31-48F8-8C54-F090BF9D715B}.Linux|x86.ActiveCfg = Release|x86
		{43E57147-8C31-48F8-8C54-F090BF9D715B}.Linux|x86.Build.0 = Release|x86
		{43E57147-8C31-48F8-8C54-F090BF9D715B}.OSX|Any CPU.ActiveCfg = Release|x86
		{43E57147-8C31-48F8-8C54-F090BF9D715B}.OSX|ARM.ActiveCfg = Release|x86
		{43E57147-8C31-48F8-8C54-F090BF9D715B}.OSX|Mixed Platforms.ActiveCfg = Release|x86
		{43E57147-8C31-48F8-8C54-F090BF9D715B}.OSX|Mixed Platforms.Build.0 = Release|x86
		{43E57147-8C31-48F8-8C54-F090BF9D715B}.OSX|Windows Phone.ActiveCfg = Release|x86
		{43E57147-8C31-48F8-8C54-F090BF9D715B}.OSX|x64.ActiveCfg = Release|x86
		{43E57147-8C31-48F8-8C54-F090BF9D715B}.OSX|x86.ActiveCfg = Release|x86
		{43E57147-8C31-48F8-8C54-F090BF9D715B}.OSX|x86.Build.0 = Release|x86
		{43E57147-8C31-48F8-8C54-F090BF9D715B}.PSM|Any CPU.ActiveCfg = Release|x86
		{43E57147-8C31-48F8-8C54-F090BF9D715B}.PSM|ARM.ActiveCfg = Release|x86
		{43E57147-8C31-48F8-8C54-F090BF9D715B}.PSM|Mixed Platforms.ActiveCfg = Release|x86
		{43E57147-8C31-48F8-8C54-F090BF9D715B}.PSM|Mixed Platforms.Build.0 = Release|x86
		{43E57147-8C31-48F8-8C54-F090BF9D715B}.PSM|Windows Phone.ActiveCfg = Release|x86
		{43E57147-8C31-48F8-8C54-F090BF9D715B}.PSM|x64.ActiveCfg = Release|x86
		{43E57147-8C31-48F8-8C54-F090BF9D715B}.PSM|x86.ActiveCfg = Release|x86
		{43E57147-8C31-48F8-8C54-F090BF9D715B}.PSM|x86.Build.0 = Release|x86
		{43E57147-8C31-48F8-8C54-F090BF9D715B}.Release|Any CPU.ActiveCfg = Release|x86
		{43E57147-8C31-48F8-8C54-F090BF9D715B}.Release|ARM.ActiveCfg = Release|x86
		{43E57147-8C31-48F8-8C54-F090BF9D715B}.Release|Mixed Platforms.ActiveCfg = Release|x86
		{43E57147-8C31-48F8-8C54-F090BF9D715B}.Release|Mixed Platforms.Build.0 = Release|x86
		{43E57147-8C31-48F8-8C54-F090BF9D715B}.Release|Windows Phone.ActiveCfg = Release|x86
		{43E57147-8C31-48F8-8C54-F090BF9D715B}.Release|x64.ActiveCfg = Release|x86
		{43E57147-8C31-48F8-8C54-F090BF9D715B}.Release|x86.ActiveCfg = Release|x86
		{43E57147-8C31-48F8-8C54-F090BF9D715B}.Release|x86.Build.0 = Release|x86
		{43E57147-8C31-48F8-8C54-F090BF9D715B}.Windows|Any CPU.ActiveCfg = Release|x86
		{43E57147-8C31-48F8-8C54-F090BF9D715B}.Windows|ARM.ActiveCfg = Release|x86
		{43E57147-8C31-48F8-8C54-F090BF9D715B}.Windows|Mixed Platforms.ActiveCfg = Release|x86
		{43E57147-8C31-48F8-8C54-F090BF9D715B}.Windows|Mixed Platforms.Build.0 = Release|x86
		{43E57147-8C31-48F8-8C54-F090BF9D715B}.Windows|Windows Phone.ActiveCfg = Release|x86
		{43E57147-8C31-48F8-8C54-F090BF9D715B}.Windows|x64.ActiveCfg = Release|x86
		{43E57147-8C31-48F8-8C54-F090BF9D715B}.Windows|x86.ActiveCfg = Release|x86
		{43E57147-8C31-48F8-8C54-F090BF9D715B}.Windows|x86.Build.0 = Release|x86
		{43E57147-8C31-48F8-8C54-F090BF9D715B}.Windows8|Any CPU.ActiveCfg = Release|x86
		{43E57147-8C31-48F8-8C54-F090BF9D715B}.Windows8|ARM.ActiveCfg = Release|x86
		{43E57147-8C31-48F8-8C54-F090BF9D715B}.Windows8|Mixed Platforms.ActiveCfg = Release|x86
		{43E57147-8C31-48F8-8C54-F090BF9D715B}.Windows8|Mixed Platforms.Build.0 = Release|x86
		{43E57147-8C31-48F8-8C54-F090BF9D715B}.Windows8|Windows Phone.ActiveCfg = Release|x86
		{43E57147-8C31-48F8-8C54-F090BF9D715B}.Windows8|x64.ActiveCfg = Release|x86
		{43E57147-8C31-48F8-8C54-F090BF9D715B}.Windows8|x86.ActiveCfg = Release|x86
		{43E57147-8C31-48F8-8C54-F090BF9D715B}.Windows8|x86.Build.0 = Release|x86
		{935C4686-FCF7-43EA-ABBA-75712B7AE0DE}.Android|Any CPU.ActiveCfg = Release|x86
		{935C4686-FCF7-43EA-ABBA-75712B7AE0DE}.Android|ARM.ActiveCfg = Release|x86
		{935C4686-FCF7-43EA-ABBA-75712B7AE0DE}.Android|Mixed Platforms.ActiveCfg = Release|x86
		{935C4686-FCF7-43EA-ABBA-75712B7AE0DE}.Android|Mixed Platforms.Build.0 = Release|x86
		{935C4686-FCF7-43EA-ABBA-75712B7AE0DE}.Android|Windows Phone.ActiveCfg = Release|x86
		{935C4686-FCF7-43EA-ABBA-75712B7AE0DE}.Android|x64.ActiveCfg = Release|x86
		{935C4686-FCF7-43EA-ABBA-75712B7AE0DE}.Android|x86.ActiveCfg = Release|x86
		{935C4686-FCF7-43EA-ABBA-75712B7AE0DE}.Android|x86.Build.0 = Release|x86
		{935C4686-FCF7-43EA-ABBA-75712B7AE0DE}.Debug|Any CPU.ActiveCfg = Debug|x86
		{935C4686-FCF7-43EA-ABBA-75712B7AE0DE}.Debug|ARM.ActiveCfg = Debug|x86
		{935C4686-FCF7-43EA-ABBA-75712B7AE0DE}.Debug|Mixed Platforms.ActiveCfg = Debug|x86
		{935C4686-FCF7-43EA-ABBA-75712B7AE0DE}.Debug|Mixed Platforms.Build.0 = Debug|x86
		{935C4686-FCF7-43EA-ABBA-75712B7AE0DE}.Debug|Windows Phone.ActiveCfg = Debug|x86
		{935C4686-FCF7-43EA-ABBA-75712B7AE0DE}.Debug|x64.ActiveCfg = Debug|x86
		{935C4686-FCF7-43EA-ABBA-75712B7AE0DE}.Debug|x86.ActiveCfg = Debug|x86
		{935C4686-FCF7-43EA-ABBA-75712B7AE0DE}.Debug|x86.Build.0 = Debug|x86
		{935C4686-FCF7-43EA-ABBA-75712B7AE0DE}.iOS|Any CPU.ActiveCfg = Release|x86
		{935C4686-FCF7-43EA-ABBA-75712B7AE0DE}.iOS|ARM.ActiveCfg = Release|x86
		{935C4686-FCF7-43EA-ABBA-75712B7AE0DE}.iOS|Mixed Platforms.ActiveCfg = Release|x86
		{935C4686-FCF7-43EA-ABBA-75712B7AE0DE}.iOS|Mixed Platforms.Build.0 = Release|x86
		{935C4686-FCF7-43EA-ABBA-75712B7AE0DE}.iOS|Windows Phone.ActiveCfg = Release|x86
		{935C4686-FCF7-43EA-ABBA-75712B7AE0DE}.iOS|x64.ActiveCfg = Release|x86
		{935C4686-FCF7-43EA-ABBA-75712B7AE0DE}.iOS|x86.ActiveCfg = Release|x86
		{935C4686-FCF7-43EA-ABBA-75712B7AE0DE}.iOS|x86.Build.0 = Release|x86
		{935C4686-FCF7-43EA-ABBA-75712B7AE0DE}.Linux|Any CPU.ActiveCfg = Release|x86
		{935C4686-FCF7-43EA-ABBA-75712B7AE0DE}.Linux|ARM.ActiveCfg = Release|x86
		{935C4686-FCF7-43EA-ABBA-75712B7AE0DE}.Linux|Mixed Platforms.ActiveCfg = Release|x86
		{935C4686-FCF7-43EA-ABBA-75712B7AE0DE}.Linux|Mixed Platforms.Build.0 = Release|x86
		{935C4686-FCF7-43EA-ABBA-75712B7AE0DE}.Linux|Windows Phone.ActiveCfg = Release|x86
		{935C4686-FCF7-43EA-ABBA-75712B7AE0DE}.Linux|x64.ActiveCfg = Release|x86
		{935C4686-FCF7-43EA-ABBA-75712B7AE0DE}.Linux|x86.ActiveCfg = Release|x86
		{935C4686-FCF7-43EA-ABBA-75712B7AE0DE}.Linux|x86.Build.0 = Release|x86
		{935C4686-FCF7-43EA-ABBA-75712B7AE0DE}.OSX|Any CPU.ActiveCfg = Release|x86
		{935C4686-FCF7-43EA-ABBA-75712B7AE0DE}.OSX|ARM.ActiveCfg = Release|x86
		{935C4686-FCF7-43EA-ABBA-75712B7AE0DE}.OSX|Mixed Platforms.ActiveCfg = Release|x86
		{935C4686-FCF7-43EA-ABBA-75712B7AE0DE}.OSX|Mixed Platforms.Build.0 = Release|x86
		{935C4686-FCF7-43EA-ABBA-75712B7AE0DE}.OSX|Windows Phone.ActiveCfg = Release|x86
		{935C4686-FCF7-43EA-ABBA-75712B7AE0DE}.OSX|x64.ActiveCfg = Release|x86
		{935C4686-FCF7-43EA-ABBA-75712B7AE0DE}.OSX|x86.ActiveCfg = Release|x86
		{935C4686-FCF7-43EA-ABBA-75712B7AE0DE}.OSX|x86.Build.0 = Release|x86
		{935C4686-FCF7-43EA-ABBA-75712B7AE0DE}.PSM|Any CPU.ActiveCfg = Release|x86
		{935C4686-FCF7-43EA-ABBA-75712B7AE0DE}.PSM|ARM.ActiveCfg = Release|x86
		{935C4686-FCF7-43EA-ABBA-75712B7AE0DE}.PSM|Mixed Platforms.ActiveCfg = Release|x86
		{935C4686-FCF7-43EA-ABBA-75712B7AE0DE}.PSM|Mixed Platforms.Build.0 = Release|x86
		{935C4686-FCF7-43EA-ABBA-75712B7AE0DE}.PSM|Windows Phone.ActiveCfg = Release|x86
		{935C4686-FCF7-43EA-ABBA-75712B7AE0DE}.PSM|x64.ActiveCfg = Release|x86
		{935C4686-FCF7-43EA-ABBA-75712B7AE0DE}.PSM|x86.ActiveCfg = Release|x86
		{935C4686-FCF7-43EA-ABBA-75712B7AE0DE}.PSM|x86.Build.0 = Release|x86
		{935C4686-FCF7-43EA-ABBA-75712B7AE0DE}.Release|Any CPU.ActiveCfg = Release|x86
		{935C4686-FCF7-43EA-ABBA-75712B7AE0DE}.Release|ARM.ActiveCfg = Release|x86
		{935C4686-FCF7-43EA-ABBA-75712B7AE0DE}.Release|Mixed Platforms.ActiveCfg = Release|x86
		{935C4686-FCF7-43EA-ABBA-75712B7AE0DE}.Release|Mixed Platforms.Build.0 = Release|x86
		{935C4686-FCF7-43EA-ABBA-75712B7AE0DE}.Release|Windows Phone.ActiveCfg = Release|x86
		{935C4686-FCF7-43EA-ABBA-75712B7AE0DE}.Release|x64.ActiveCfg = Release|x86
		{935C4686-FCF7-43EA-ABBA-75712B7AE0DE}.Release|x86.ActiveCfg = Release|x86
		{935C4686-FCF7-43EA-ABBA-75712B7AE0DE}.Release|x86.Build.0 = Release|x86
		{935C4686-FCF7-43EA-ABBA-75712B7AE0DE}.Windows|Any CPU.ActiveCfg = Release|x86
		{935C4686-FCF7-43EA-ABBA-75712B7AE0DE}.Windows|ARM.ActiveCfg = Release|x86
		{935C4686-FCF7-43EA-ABBA-75712B7AE0DE}.Windows|Mixed Platforms.ActiveCfg = Release|x86
		{935C4686-FCF7-43EA-ABBA-75712B7AE0DE}.Windows|Mixed Platforms.Build.0 = Release|x86
		{935C4686-FCF7-43EA-ABBA-75712B7AE0DE}.Windows|Windows Phone.ActiveCfg = Release|x86
		{935C4686-FCF7-43EA-ABBA-75712B7AE0DE}.Windows|x64.ActiveCfg = Release|x86
		{935C4686-FCF7-43EA-ABBA-75712B7AE0DE}.Windows|x86.ActiveCfg = Release|x86
		{935C4686-FCF7-43EA-ABBA-75712B7AE0DE}.Windows|x86.Build.0 = Release|x86
		{935C4686-FCF7-43EA-ABBA-75712B7AE0DE}.Windows8|Any CPU.ActiveCfg = Release|x86
		{935C4686-FCF7-43EA-ABBA-75712B7AE0DE}.Windows8|ARM.ActiveCfg = Release|x86
		{935C4686-FCF7-43EA-ABBA-75712B7AE0DE}.Windows8|Mixed Platforms.ActiveCfg = Release|x86
		{935C4686-FCF7-43EA-ABBA-75712B7AE0DE}.Windows8|Mixed Platforms.Build.0 = Release|x86
		{935C4686-FCF7-43EA-ABBA-75712B7AE0DE}.Windows8|Windows Phone.ActiveCfg = Release|x86
		{935C4686-FCF7-43EA-ABBA-75712B7AE0DE}.Windows8|x64.ActiveCfg = Release|x86
		{935C4686-FCF7-43EA-ABBA-75712B7AE0DE}.Windows8|x86.ActiveCfg = Release|x86
		{935C4686-FCF7-43EA-ABBA-75712B7AE0DE}.Windows8|x86.Build.0 = Release|x86
		{DA064B16-1E33-4E75-8BB4-18D2D180BB3A}.Android|Any CPU.ActiveCfg = Release|x86
		{DA064B16-1E33-4E75-8BB4-18D2D180BB3A}.Android|ARM.ActiveCfg = Release|x86
		{DA064B16-1E33-4E75-8BB4-18D2D180BB3A}.Android|Mixed Platforms.ActiveCfg = Release|x86
		{DA064B16-1E33-4E75-8BB4-18D2D180BB3A}.Android|Mixed Platforms.Build.0 = Release|x86
		{DA064B16-1E33-4E75-8BB4-18D2D180BB3A}.Android|Windows Phone.ActiveCfg = Release|x86
		{DA064B16-1E33-4E75-8BB4-18D2D180BB3A}.Android|x64.ActiveCfg = Release|x86
		{DA064B16-1E33-4E75-8BB4-18D2D180BB3A}.Android|x86.ActiveCfg = Release|x86
		{DA064B16-1E33-4E75-8BB4-18D2D180BB3A}.Android|x86.Build.0 = Release|x86
		{DA064B16-1E33-4E75-8BB4-18D2D180BB3A}.Debug|Any CPU.ActiveCfg = Debug|x86
		{DA064B16-1E33-4E75-8BB4-18D2D180BB3A}.Debug|ARM.ActiveCfg = Debug|x86
		{DA064B16-1E33-4E75-8BB4-18D2D180BB3A}.Debug|Mixed Platforms.ActiveCfg = Debug|x86
		{DA064B16-1E33-4E75-8BB4-18D2D180BB3A}.Debug|Mixed Platforms.Build.0 = Debug|x86
		{DA064B16-1E33-4E75-8BB4-18D2D180BB3A}.Debug|Windows Phone.ActiveCfg = Debug|x86
		{DA064B16-1E33-4E75-8BB4-18D2D180BB3A}.Debug|x64.ActiveCfg = Debug|x86
		{DA064B16-1E33-4E75-8BB4-18D2D180BB3A}.Debug|x86.ActiveCfg = Debug|x86
		{DA064B16-1E33-4E75-8BB4-18D2D180BB3A}.Debug|x86.Build.0 = Debug|x86
		{DA064B16-1E33-4E75-8BB4-18D2D180BB3A}.iOS|Any CPU.ActiveCfg = Release|x86
		{DA064B16-1E33-4E75-8BB4-18D2D180BB3A}.iOS|ARM.ActiveCfg = Release|x86
		{DA064B16-1E33-4E75-8BB4-18D2D180BB3A}.iOS|Mixed Platforms.ActiveCfg = Release|x86
		{DA064B16-1E33-4E75-8BB4-18D2D180BB3A}.iOS|Mixed Platforms.Build.0 = Release|x86
		{DA064B16-1E33-4E75-8BB4-18D2D180BB3A}.iOS|Windows Phone.ActiveCfg = Release|x86
		{DA064B16-1E33-4E75-8BB4-18D2D180BB3A}.iOS|x64.ActiveCfg = Release|x86
		{DA064B16-1E33-4E75-8BB4-18D2D180BB3A}.iOS|x86.ActiveCfg = Release|x86
		{DA064B16-1E33-4E75-8BB4-18D2D180BB3A}.iOS|x86.Build.0 = Release|x86
		{DA064B16-1E33-4E75-8BB4-18D2D180BB3A}.Linux|Any CPU.ActiveCfg = Release|x86
		{DA064B16-1E33-4E75-8BB4-18D2D180BB3A}.Linux|ARM.ActiveCfg = Release|x86
		{DA064B16-1E33-4E75-8BB4-18D2D180BB3A}.Linux|Mixed Platforms.ActiveCfg = Release|x86
		{DA064B16-1E33-4E75-8BB4-18D2D180BB3A}.Linux|Mixed Platforms.Build.0 = Release|x86
		{DA064B16-1E33-4E75-8BB4-18D2D180BB3A}.Linux|Windows Phone.ActiveCfg = Release|x86
		{DA064B16-1E33-4E75-8BB4-18D2D180BB3A}.Linux|x64.ActiveCfg = Release|x86
		{DA064B16-1E33-4E75-8BB4-18D2D180BB3A}.Linux|x86.ActiveCfg = Release|x86
		{DA064B16-1E33-4E75-8BB4-18D2D180BB3A}.Linux|x86.Build.0 = Release|x86
		{DA064B16-1E33-4E75-8BB4-18D2D180BB3A}.OSX|Any CPU.ActiveCfg = Release|x86
		{DA064B16-1E33-4E75-8BB4-18D2D180BB3A}.OSX|ARM.ActiveCfg = Release|x86
		{DA064B16-1E33-4E75-8BB4-18D2D180BB3A}.OSX|Mixed Platforms.ActiveCfg = Release|x86
		{DA064B16-1E33-4E75-8BB4-18D2D180BB3A}.OSX|Mixed Platforms.Build.0 = Release|x86
		{DA064B16-1E33-4E75-8BB4-18D2D180BB3A}.OSX|Windows Phone.ActiveCfg = Release|x86
		{DA064B16-1E33-4E75-8BB4-18D2D180BB3A}.OSX|x64.ActiveCfg = Release|x86
		{DA064B16-1E33-4E75-8BB4-18D2D180BB3A}.OSX|x86.ActiveCfg = Release|x86
		{DA064B16-1E33-4E75-8BB4-18D2D180BB3A}.OSX|x86.Build.0 = Release|x86
		{DA064B16-1E33-4E75-8BB4-18D2D180BB3A}.PSM|Any CPU.ActiveCfg = Release|x86
		{DA064B16-1E33-4E75-8BB4-18D2D180BB3A}.PSM|ARM.ActiveCfg = Release|x86
		{DA064B16-1E33-4E75-8BB4-18D2D180BB3A}.PSM|Mixed Platforms.ActiveCfg = Release|x86
		{DA064B16-1E33-4E75-8BB4-18D2D180BB3A}.PSM|Mixed Platforms.Build.0 = Release|x86
		{DA064B16-1E33-4E75-8BB4-18D2D180BB3A}.PSM|Windows Phone.ActiveCfg = Release|x86
		{DA064B16-1E33-4E75-8BB4-18D2D180BB3A}.PSM|x64.ActiveCfg = Release|x86
		{DA064B16-1E33-4E75-8BB4-18D2D180BB3A}.PSM|x86.ActiveCfg = Release|x86
		{DA064B16-1E33-4E75-8BB4-18D2D180BB3A}.PSM|x86.Build.0 = Release|x86
		{DA064B16-1E33-4E75-8BB4-18D2D180BB3A}.Release|Any CPU.ActiveCfg = Release|x86
		{DA064B16-1E33-4E75-8BB4-18D2D180BB3A}.Release|ARM.ActiveCfg = Release|x86
		{DA064B16-1E33-4E75-8BB4-18D2D180BB3A}.Release|Mixed Platforms.ActiveCfg = Release|x86
		{DA064B16-1E33-4E75-8BB4-18D2D180BB3A}.Release|Mixed Platforms.Build.0 = Release|x86
		{DA064B16-1E33-4E75-8BB4-18D2D180BB3A}.Release|Windows Phone.ActiveCfg = Release|x86
		{DA064B16-1E33-4E75-8BB4-18D2D180BB3A}.Release|x64.ActiveCfg = Release|x86
		{DA064B16-1E33-4E75-8BB4-18D2D180BB3A}.Release|x86.ActiveCfg = Release|x86
		{DA064B16-1E33-4E75-8BB4-18D2D180BB3A}.Release|x86.Build.0 = Release|x86
		{DA064B16-1E33-4E75-8BB4-18D2D180BB3A}.Windows|Any CPU.ActiveCfg = Release|x86
		{DA064B16-1E33-4E75-8BB4-18D2D180BB3A}.Windows|ARM.ActiveCfg = Release|x86
		{DA064B16-1E33-4E75-8BB4-18D2D180BB3A}.Windows|Mixed Platforms.ActiveCfg = Release|x86
		{DA064B16-1E33-4E75-8BB4-18D2D180BB3A}.Windows|Mixed Platforms.Build.0 = Release|x86
		{DA064B16-1E33-4E75-8BB4-18D2D180BB3A}.Windows|Windows Phone.ActiveCfg = Release|x86
		{DA064B16-1E33-4E75-8BB4-18D2D180BB3A}.Windows|x64.ActiveCfg = Release|x86
		{DA064B16-1E33-4E75-8BB4-18D2D180BB3A}.Windows|x86.ActiveCfg = Release|x86
		{DA064B16-1E33-4E75-8BB4-18D2D180BB3A}.Windows|x86.Build.0 = Release|x86
		{DA064B16-1E33-4E75-8BB4-18D2D180BB3A}.Windows8|Any CPU.ActiveCfg = Release|x86
		{DA064B16-1E33-4E75-8BB4-18D2D180BB3A}.Windows8|ARM.ActiveCfg = Release|x86
		{DA064B16-1E33-4E75-8BB4-18D2D180BB3A}.Windows8|Mixed Platforms.ActiveCfg = Release|x86
		{DA064B16-1E33-4E75-8BB4-18D2D180BB3A}.Windows8|Mixed Platforms.Build.0 = Release|x86
		{DA064B16-1E33-4E75-8BB4-18D2D180BB3A}.Windows8|Windows Phone.ActiveCfg = Release|x86
		{DA064B16-1E33-4E75-8BB4-18D2D180BB3A}.Windows8|x64.ActiveCfg = Release|x86
		{DA064B16-1E33-4E75-8BB4-18D2D180BB3A}.Windows8|x86.ActiveCfg = Release|x86
		{DA064B16-1E33-4E75-8BB4-18D2D180BB3A}.Windows8|x86.Build.0 = Release|x86
		{3F1CF32C-2A28-4DCE-9575-3DEC9001BDC0}.Android|Any CPU.ActiveCfg = Release|Any CPU
		{3F1CF32C-2A28-4DCE-9575-3DEC9001BDC0}.Android|Any CPU.Build.0 = Release|Any CPU
		{3F1CF32C-2A28-4DCE-9575-3DEC9001BDC0}.Android|ARM.ActiveCfg = Release|ARM
		{3F1CF32C-2A28-4DCE-9575-3DEC9001BDC0}.Android|ARM.Build.0 = Release|ARM
		{3F1CF32C-2A28-4DCE-9575-3DEC9001BDC0}.Android|Mixed Platforms.ActiveCfg = Release|x86
		{3F1CF32C-2A28-4DCE-9575-3DEC9001BDC0}.Android|Mixed Platforms.Build.0 = Release|x86
		{3F1CF32C-2A28-4DCE-9575-3DEC9001BDC0}.Android|Windows Phone.ActiveCfg = Release|Any CPU
		{3F1CF32C-2A28-4DCE-9575-3DEC9001BDC0}.Android|x64.ActiveCfg = Release|x64
		{3F1CF32C-2A28-4DCE-9575-3DEC9001BDC0}.Android|x64.Build.0 = Release|x64
		{3F1CF32C-2A28-4DCE-9575-3DEC9001BDC0}.Android|x86.ActiveCfg = Release|x86
		{3F1CF32C-2A28-4DCE-9575-3DEC9001BDC0}.Android|x86.Build.0 = Release|x86
		{3F1CF32C-2A28-4DCE-9575-3DEC9001BDC0}.Debug|Any CPU.ActiveCfg = Debug|Any CPU
		{3F1CF32C-2A28-4DCE-9575-3DEC9001BDC0}.Debug|Any CPU.Build.0 = Debug|Any CPU
		{3F1CF32C-2A28-4DCE-9575-3DEC9001BDC0}.Debug|ARM.ActiveCfg = Debug|ARM
		{3F1CF32C-2A28-4DCE-9575-3DEC9001BDC0}.Debug|ARM.Build.0 = Debug|ARM
		{3F1CF32C-2A28-4DCE-9575-3DEC9001BDC0}.Debug|Mixed Platforms.ActiveCfg = Debug|Any CPU
		{3F1CF32C-2A28-4DCE-9575-3DEC9001BDC0}.Debug|Mixed Platforms.Build.0 = Debug|Any CPU
		{3F1CF32C-2A28-4DCE-9575-3DEC9001BDC0}.Debug|Windows Phone.ActiveCfg = Debug|Any CPU
		{3F1CF32C-2A28-4DCE-9575-3DEC9001BDC0}.Debug|x64.ActiveCfg = Debug|x64
		{3F1CF32C-2A28-4DCE-9575-3DEC9001BDC0}.Debug|x64.Build.0 = Debug|x64
		{3F1CF32C-2A28-4DCE-9575-3DEC9001BDC0}.Debug|x86.ActiveCfg = Debug|x86
		{3F1CF32C-2A28-4DCE-9575-3DEC9001BDC0}.Debug|x86.Build.0 = Debug|x86
		{3F1CF32C-2A28-4DCE-9575-3DEC9001BDC0}.iOS|Any CPU.ActiveCfg = Release|Any CPU
		{3F1CF32C-2A28-4DCE-9575-3DEC9001BDC0}.iOS|Any CPU.Build.0 = Release|Any CPU
		{3F1CF32C-2A28-4DCE-9575-3DEC9001BDC0}.iOS|ARM.ActiveCfg = Release|ARM
		{3F1CF32C-2A28-4DCE-9575-3DEC9001BDC0}.iOS|ARM.Build.0 = Release|ARM
		{3F1CF32C-2A28-4DCE-9575-3DEC9001BDC0}.iOS|Mixed Platforms.ActiveCfg = Release|x86
		{3F1CF32C-2A28-4DCE-9575-3DEC9001BDC0}.iOS|Mixed Platforms.Build.0 = Release|x86
		{3F1CF32C-2A28-4DCE-9575-3DEC9001BDC0}.iOS|Windows Phone.ActiveCfg = Release|Any CPU
		{3F1CF32C-2A28-4DCE-9575-3DEC9001BDC0}.iOS|x64.ActiveCfg = Release|x64
		{3F1CF32C-2A28-4DCE-9575-3DEC9001BDC0}.iOS|x64.Build.0 = Release|x64
		{3F1CF32C-2A28-4DCE-9575-3DEC9001BDC0}.iOS|x86.ActiveCfg = Release|x86
		{3F1CF32C-2A28-4DCE-9575-3DEC9001BDC0}.iOS|x86.Build.0 = Release|x86
		{3F1CF32C-2A28-4DCE-9575-3DEC9001BDC0}.Linux|Any CPU.ActiveCfg = Release|Any CPU
		{3F1CF32C-2A28-4DCE-9575-3DEC9001BDC0}.Linux|Any CPU.Build.0 = Release|Any CPU
		{3F1CF32C-2A28-4DCE-9575-3DEC9001BDC0}.Linux|ARM.ActiveCfg = Release|ARM
		{3F1CF32C-2A28-4DCE-9575-3DEC9001BDC0}.Linux|ARM.Build.0 = Release|ARM
		{3F1CF32C-2A28-4DCE-9575-3DEC9001BDC0}.Linux|Mixed Platforms.ActiveCfg = Release|x86
		{3F1CF32C-2A28-4DCE-9575-3DEC9001BDC0}.Linux|Mixed Platforms.Build.0 = Release|x86
		{3F1CF32C-2A28-4DCE-9575-3DEC9001BDC0}.Linux|Windows Phone.ActiveCfg = Release|Any CPU
		{3F1CF32C-2A28-4DCE-9575-3DEC9001BDC0}.Linux|x64.ActiveCfg = Release|x64
		{3F1CF32C-2A28-4DCE-9575-3DEC9001BDC0}.Linux|x64.Build.0 = Release|x64
		{3F1CF32C-2A28-4DCE-9575-3DEC9001BDC0}.Linux|x86.ActiveCfg = Release|x86
		{3F1CF32C-2A28-4DCE-9575-3DEC9001BDC0}.Linux|x86.Build.0 = Release|x86
		{3F1CF32C-2A28-4DCE-9575-3DEC9001BDC0}.OSX|Any CPU.ActiveCfg = Release|Any CPU
		{3F1CF32C-2A28-4DCE-9575-3DEC9001BDC0}.OSX|Any CPU.Build.0 = Release|Any CPU
		{3F1CF32C-2A28-4DCE-9575-3DEC9001BDC0}.OSX|ARM.ActiveCfg = Release|ARM
		{3F1CF32C-2A28-4DCE-9575-3DEC9001BDC0}.OSX|ARM.Build.0 = Release|ARM
		{3F1CF32C-2A28-4DCE-9575-3DEC9001BDC0}.OSX|Mixed Platforms.ActiveCfg = Release|x86
		{3F1CF32C-2A28-4DCE-9575-3DEC9001BDC0}.OSX|Mixed Platforms.Build.0 = Release|x86
		{3F1CF32C-2A28-4DCE-9575-3DEC9001BDC0}.OSX|Windows Phone.ActiveCfg = Release|Any CPU
		{3F1CF32C-2A28-4DCE-9575-3DEC9001BDC0}.OSX|x64.ActiveCfg = Release|x64
		{3F1CF32C-2A28-4DCE-9575-3DEC9001BDC0}.OSX|x64.Build.0 = Release|x64
		{3F1CF32C-2A28-4DCE-9575-3DEC9001BDC0}.OSX|x86.ActiveCfg = Release|x86
		{3F1CF32C-2A28-4DCE-9575-3DEC9001BDC0}.OSX|x86.Build.0 = Release|x86
		{3F1CF32C-2A28-4DCE-9575-3DEC9001BDC0}.PSM|Any CPU.ActiveCfg = Release|Any CPU
		{3F1CF32C-2A28-4DCE-9575-3DEC9001BDC0}.PSM|Any CPU.Build.0 = Release|Any CPU
		{3F1CF32C-2A28-4DCE-9575-3DEC9001BDC0}.PSM|ARM.ActiveCfg = Release|ARM
		{3F1CF32C-2A28-4DCE-9575-3DEC9001BDC0}.PSM|ARM.Build.0 = Release|ARM
		{3F1CF32C-2A28-4DCE-9575-3DEC9001BDC0}.PSM|Mixed Platforms.ActiveCfg = Release|x86
		{3F1CF32C-2A28-4DCE-9575-3DEC9001BDC0}.PSM|Mixed Platforms.Build.0 = Release|x86
		{3F1CF32C-2A28-4DCE-9575-3DEC9001BDC0}.PSM|Windows Phone.ActiveCfg = Release|Any CPU
		{3F1CF32C-2A28-4DCE-9575-3DEC9001BDC0}.PSM|x64.ActiveCfg = Release|x64
		{3F1CF32C-2A28-4DCE-9575-3DEC9001BDC0}.PSM|x64.Build.0 = Release|x64
		{3F1CF32C-2A28-4DCE-9575-3DEC9001BDC0}.PSM|x86.ActiveCfg = Release|x86
		{3F1CF32C-2A28-4DCE-9575-3DEC9001BDC0}.PSM|x86.Build.0 = Release|x86
		{3F1CF32C-2A28-4DCE-9575-3DEC9001BDC0}.Release|Any CPU.ActiveCfg = Release|Any CPU
		{3F1CF32C-2A28-4DCE-9575-3DEC9001BDC0}.Release|Any CPU.Build.0 = Release|Any CPU
		{3F1CF32C-2A28-4DCE-9575-3DEC9001BDC0}.Release|ARM.ActiveCfg = Release|ARM
		{3F1CF32C-2A28-4DCE-9575-3DEC9001BDC0}.Release|ARM.Build.0 = Release|ARM
		{3F1CF32C-2A28-4DCE-9575-3DEC9001BDC0}.Release|Mixed Platforms.ActiveCfg = Release|x86
		{3F1CF32C-2A28-4DCE-9575-3DEC9001BDC0}.Release|Mixed Platforms.Build.0 = Release|x86
		{3F1CF32C-2A28-4DCE-9575-3DEC9001BDC0}.Release|Windows Phone.ActiveCfg = Release|Any CPU
		{3F1CF32C-2A28-4DCE-9575-3DEC9001BDC0}.Release|x64.ActiveCfg = Release|x64
		{3F1CF32C-2A28-4DCE-9575-3DEC9001BDC0}.Release|x64.Build.0 = Release|x64
		{3F1CF32C-2A28-4DCE-9575-3DEC9001BDC0}.Release|x86.ActiveCfg = Release|x86
		{3F1CF32C-2A28-4DCE-9575-3DEC9001BDC0}.Release|x86.Build.0 = Release|x86
		{3F1CF32C-2A28-4DCE-9575-3DEC9001BDC0}.Windows|Any CPU.ActiveCfg = Release|Any CPU
		{3F1CF32C-2A28-4DCE-9575-3DEC9001BDC0}.Windows|Any CPU.Build.0 = Release|Any CPU
		{3F1CF32C-2A28-4DCE-9575-3DEC9001BDC0}.Windows|ARM.ActiveCfg = Release|ARM
		{3F1CF32C-2A28-4DCE-9575-3DEC9001BDC0}.Windows|ARM.Build.0 = Release|ARM
		{3F1CF32C-2A28-4DCE-9575-3DEC9001BDC0}.Windows|Mixed Platforms.ActiveCfg = Release|x86
		{3F1CF32C-2A28-4DCE-9575-3DEC9001BDC0}.Windows|Mixed Platforms.Build.0 = Release|x86
		{3F1CF32C-2A28-4DCE-9575-3DEC9001BDC0}.Windows|Windows Phone.ActiveCfg = Release|Any CPU
		{3F1CF32C-2A28-4DCE-9575-3DEC9001BDC0}.Windows|x64.ActiveCfg = Release|x64
		{3F1CF32C-2A28-4DCE-9575-3DEC9001BDC0}.Windows|x64.Build.0 = Release|x64
		{3F1CF32C-2A28-4DCE-9575-3DEC9001BDC0}.Windows|x86.ActiveCfg = Release|x86
		{3F1CF32C-2A28-4DCE-9575-3DEC9001BDC0}.Windows|x86.Build.0 = Release|x86
		{3F1CF32C-2A28-4DCE-9575-3DEC9001BDC0}.Windows8|Any CPU.ActiveCfg = Release|Any CPU
		{3F1CF32C-2A28-4DCE-9575-3DEC9001BDC0}.Windows8|Any CPU.Build.0 = Release|Any CPU
		{3F1CF32C-2A28-4DCE-9575-3DEC9001BDC0}.Windows8|ARM.ActiveCfg = Release|ARM
		{3F1CF32C-2A28-4DCE-9575-3DEC9001BDC0}.Windows8|ARM.Build.0 = Release|ARM
		{3F1CF32C-2A28-4DCE-9575-3DEC9001BDC0}.Windows8|Mixed Platforms.ActiveCfg = Release|x86
		{3F1CF32C-2A28-4DCE-9575-3DEC9001BDC0}.Windows8|Mixed Platforms.Build.0 = Release|x86
		{3F1CF32C-2A28-4DCE-9575-3DEC9001BDC0}.Windows8|Windows Phone.ActiveCfg = Release|Any CPU
		{3F1CF32C-2A28-4DCE-9575-3DEC9001BDC0}.Windows8|x64.ActiveCfg = Release|x64
		{3F1CF32C-2A28-4DCE-9575-3DEC9001BDC0}.Windows8|x64.Build.0 = Release|x64
		{3F1CF32C-2A28-4DCE-9575-3DEC9001BDC0}.Windows8|x86.ActiveCfg = Release|x86
		{3F1CF32C-2A28-4DCE-9575-3DEC9001BDC0}.Windows8|x86.Build.0 = Release|x86
		{6F956B23-0809-425C-92DB-15179B0A123F}.Android|Any CPU.ActiveCfg = Release|Any CPU
		{6F956B23-0809-425C-92DB-15179B0A123F}.Android|Any CPU.Build.0 = Release|Any CPU
		{6F956B23-0809-425C-92DB-15179B0A123F}.Android|Any CPU.Deploy.0 = Release|Any CPU
		{6F956B23-0809-425C-92DB-15179B0A123F}.Android|ARM.ActiveCfg = Release|ARM
		{6F956B23-0809-425C-92DB-15179B0A123F}.Android|ARM.Build.0 = Release|ARM
		{6F956B23-0809-425C-92DB-15179B0A123F}.Android|ARM.Deploy.0 = Release|ARM
		{6F956B23-0809-425C-92DB-15179B0A123F}.Android|Mixed Platforms.ActiveCfg = Release|x86
		{6F956B23-0809-425C-92DB-15179B0A123F}.Android|Mixed Platforms.Build.0 = Release|x86
		{6F956B23-0809-425C-92DB-15179B0A123F}.Android|Mixed Platforms.Deploy.0 = Release|x86
		{6F956B23-0809-425C-92DB-15179B0A123F}.Android|Windows Phone.ActiveCfg = Release|Any CPU
		{6F956B23-0809-425C-92DB-15179B0A123F}.Android|x64.ActiveCfg = Release|x64
		{6F956B23-0809-425C-92DB-15179B0A123F}.Android|x64.Build.0 = Release|x64
		{6F956B23-0809-425C-92DB-15179B0A123F}.Android|x64.Deploy.0 = Release|x64
		{6F956B23-0809-425C-92DB-15179B0A123F}.Android|x86.ActiveCfg = Release|x86
		{6F956B23-0809-425C-92DB-15179B0A123F}.Android|x86.Build.0 = Release|x86
		{6F956B23-0809-425C-92DB-15179B0A123F}.Android|x86.Deploy.0 = Release|x86
		{6F956B23-0809-425C-92DB-15179B0A123F}.Debug|Any CPU.ActiveCfg = Debug|Any CPU
		{6F956B23-0809-425C-92DB-15179B0A123F}.Debug|Any CPU.Build.0 = Debug|Any CPU
		{6F956B23-0809-425C-92DB-15179B0A123F}.Debug|Any CPU.Deploy.0 = Debug|Any CPU
		{6F956B23-0809-425C-92DB-15179B0A123F}.Debug|ARM.ActiveCfg = Debug|ARM
		{6F956B23-0809-425C-92DB-15179B0A123F}.Debug|ARM.Build.0 = Debug|ARM
		{6F956B23-0809-425C-92DB-15179B0A123F}.Debug|ARM.Deploy.0 = Debug|ARM
		{6F956B23-0809-425C-92DB-15179B0A123F}.Debug|Mixed Platforms.ActiveCfg = Debug|Any CPU
		{6F956B23-0809-425C-92DB-15179B0A123F}.Debug|Mixed Platforms.Build.0 = Debug|Any CPU
		{6F956B23-0809-425C-92DB-15179B0A123F}.Debug|Mixed Platforms.Deploy.0 = Debug|Any CPU
		{6F956B23-0809-425C-92DB-15179B0A123F}.Debug|Windows Phone.ActiveCfg = Debug|Any CPU
		{6F956B23-0809-425C-92DB-15179B0A123F}.Debug|x64.ActiveCfg = Debug|x64
		{6F956B23-0809-425C-92DB-15179B0A123F}.Debug|x64.Build.0 = Debug|x64
		{6F956B23-0809-425C-92DB-15179B0A123F}.Debug|x64.Deploy.0 = Debug|x64
		{6F956B23-0809-425C-92DB-15179B0A123F}.Debug|x86.ActiveCfg = Debug|x86
		{6F956B23-0809-425C-92DB-15179B0A123F}.Debug|x86.Build.0 = Debug|x86
		{6F956B23-0809-425C-92DB-15179B0A123F}.Debug|x86.Deploy.0 = Debug|x86
		{6F956B23-0809-425C-92DB-15179B0A123F}.iOS|Any CPU.ActiveCfg = Release|Any CPU
		{6F956B23-0809-425C-92DB-15179B0A123F}.iOS|Any CPU.Build.0 = Release|Any CPU
		{6F956B23-0809-425C-92DB-15179B0A123F}.iOS|Any CPU.Deploy.0 = Release|Any CPU
		{6F956B23-0809-425C-92DB-15179B0A123F}.iOS|ARM.ActiveCfg = Release|ARM
		{6F956B23-0809-425C-92DB-15179B0A123F}.iOS|ARM.Build.0 = Release|ARM
		{6F956B23-0809-425C-92DB-15179B0A123F}.iOS|ARM.Deploy.0 = Release|ARM
		{6F956B23-0809-425C-92DB-15179B0A123F}.iOS|Mixed Platforms.ActiveCfg = Release|x86
		{6F956B23-0809-425C-92DB-15179B0A123F}.iOS|Mixed Platforms.Build.0 = Release|x86
		{6F956B23-0809-425C-92DB-15179B0A123F}.iOS|Mixed Platforms.Deploy.0 = Release|x86
		{6F956B23-0809-425C-92DB-15179B0A123F}.iOS|Windows Phone.ActiveCfg = Release|Any CPU
		{6F956B23-0809-425C-92DB-15179B0A123F}.iOS|x64.ActiveCfg = Release|x64
		{6F956B23-0809-425C-92DB-15179B0A123F}.iOS|x64.Build.0 = Release|x64
		{6F956B23-0809-425C-92DB-15179B0A123F}.iOS|x64.Deploy.0 = Release|x64
		{6F956B23-0809-425C-92DB-15179B0A123F}.iOS|x86.ActiveCfg = Release|x86
		{6F956B23-0809-425C-92DB-15179B0A123F}.iOS|x86.Build.0 = Release|x86
		{6F956B23-0809-425C-92DB-15179B0A123F}.iOS|x86.Deploy.0 = Release|x86
		{6F956B23-0809-425C-92DB-15179B0A123F}.Linux|Any CPU.ActiveCfg = Release|Any CPU
		{6F956B23-0809-425C-92DB-15179B0A123F}.Linux|Any CPU.Build.0 = Release|Any CPU
		{6F956B23-0809-425C-92DB-15179B0A123F}.Linux|Any CPU.Deploy.0 = Release|Any CPU
		{6F956B23-0809-425C-92DB-15179B0A123F}.Linux|ARM.ActiveCfg = Release|ARM
		{6F956B23-0809-425C-92DB-15179B0A123F}.Linux|ARM.Build.0 = Release|ARM
		{6F956B23-0809-425C-92DB-15179B0A123F}.Linux|ARM.Deploy.0 = Release|ARM
		{6F956B23-0809-425C-92DB-15179B0A123F}.Linux|Mixed Platforms.ActiveCfg = Release|x86
		{6F956B23-0809-425C-92DB-15179B0A123F}.Linux|Mixed Platforms.Build.0 = Release|x86
		{6F956B23-0809-425C-92DB-15179B0A123F}.Linux|Mixed Platforms.Deploy.0 = Release|x86
		{6F956B23-0809-425C-92DB-15179B0A123F}.Linux|Windows Phone.ActiveCfg = Release|Any CPU
		{6F956B23-0809-425C-92DB-15179B0A123F}.Linux|x64.ActiveCfg = Release|x64
		{6F956B23-0809-425C-92DB-15179B0A123F}.Linux|x64.Build.0 = Release|x64
		{6F956B23-0809-425C-92DB-15179B0A123F}.Linux|x64.Deploy.0 = Release|x64
		{6F956B23-0809-425C-92DB-15179B0A123F}.Linux|x86.ActiveCfg = Release|x86
		{6F956B23-0809-425C-92DB-15179B0A123F}.Linux|x86.Build.0 = Release|x86
		{6F956B23-0809-425C-92DB-15179B0A123F}.Linux|x86.Deploy.0 = Release|x86
		{6F956B23-0809-425C-92DB-15179B0A123F}.OSX|Any CPU.ActiveCfg = Release|Any CPU
		{6F956B23-0809-425C-92DB-15179B0A123F}.OSX|Any CPU.Build.0 = Release|Any CPU
		{6F956B23-0809-425C-92DB-15179B0A123F}.OSX|Any CPU.Deploy.0 = Release|Any CPU
		{6F956B23-0809-425C-92DB-15179B0A123F}.OSX|ARM.ActiveCfg = Release|ARM
		{6F956B23-0809-425C-92DB-15179B0A123F}.OSX|ARM.Build.0 = Release|ARM
		{6F956B23-0809-425C-92DB-15179B0A123F}.OSX|ARM.Deploy.0 = Release|ARM
		{6F956B23-0809-425C-92DB-15179B0A123F}.OSX|Mixed Platforms.ActiveCfg = Release|x86
		{6F956B23-0809-425C-92DB-15179B0A123F}.OSX|Mixed Platforms.Build.0 = Release|x86
		{6F956B23-0809-425C-92DB-15179B0A123F}.OSX|Mixed Platforms.Deploy.0 = Release|x86
		{6F956B23-0809-425C-92DB-15179B0A123F}.OSX|Windows Phone.ActiveCfg = Release|Any CPU
		{6F956B23-0809-425C-92DB-15179B0A123F}.OSX|x64.ActiveCfg = Release|x64
		{6F956B23-0809-425C-92DB-15179B0A123F}.OSX|x64.Build.0 = Release|x64
		{6F956B23-0809-425C-92DB-15179B0A123F}.OSX|x64.Deploy.0 = Release|x64
		{6F956B23-0809-425C-92DB-15179B0A123F}.OSX|x86.ActiveCfg = Release|x86
		{6F956B23-0809-425C-92DB-15179B0A123F}.OSX|x86.Build.0 = Release|x86
		{6F956B23-0809-425C-92DB-15179B0A123F}.OSX|x86.Deploy.0 = Release|x86
		{6F956B23-0809-425C-92DB-15179B0A123F}.PSM|Any CPU.ActiveCfg = Release|Any CPU
		{6F956B23-0809-425C-92DB-15179B0A123F}.PSM|Any CPU.Build.0 = Release|Any CPU
		{6F956B23-0809-425C-92DB-15179B0A123F}.PSM|Any CPU.Deploy.0 = Release|Any CPU
		{6F956B23-0809-425C-92DB-15179B0A123F}.PSM|ARM.ActiveCfg = Release|ARM
		{6F956B23-0809-425C-92DB-15179B0A123F}.PSM|ARM.Build.0 = Release|ARM
		{6F956B23-0809-425C-92DB-15179B0A123F}.PSM|ARM.Deploy.0 = Release|ARM
		{6F956B23-0809-425C-92DB-15179B0A123F}.PSM|Mixed Platforms.ActiveCfg = Release|x86
		{6F956B23-0809-425C-92DB-15179B0A123F}.PSM|Mixed Platforms.Build.0 = Release|x86
		{6F956B23-0809-425C-92DB-15179B0A123F}.PSM|Mixed Platforms.Deploy.0 = Release|x86
		{6F956B23-0809-425C-92DB-15179B0A123F}.PSM|Windows Phone.ActiveCfg = Release|Any CPU
		{6F956B23-0809-425C-92DB-15179B0A123F}.PSM|x64.ActiveCfg = Release|x64
		{6F956B23-0809-425C-92DB-15179B0A123F}.PSM|x64.Build.0 = Release|x64
		{6F956B23-0809-425C-92DB-15179B0A123F}.PSM|x64.Deploy.0 = Release|x64
		{6F956B23-0809-425C-92DB-15179B0A123F}.PSM|x86.ActiveCfg = Release|x86
		{6F956B23-0809-425C-92DB-15179B0A123F}.PSM|x86.Build.0 = Release|x86
		{6F956B23-0809-425C-92DB-15179B0A123F}.PSM|x86.Deploy.0 = Release|x86
		{6F956B23-0809-425C-92DB-15179B0A123F}.Release|Any CPU.ActiveCfg = Release|Any CPU
		{6F956B23-0809-425C-92DB-15179B0A123F}.Release|Any CPU.Build.0 = Release|Any CPU
		{6F956B23-0809-425C-92DB-15179B0A123F}.Release|Any CPU.Deploy.0 = Release|Any CPU
		{6F956B23-0809-425C-92DB-15179B0A123F}.Release|ARM.ActiveCfg = Release|ARM
		{6F956B23-0809-425C-92DB-15179B0A123F}.Release|ARM.Build.0 = Release|ARM
		{6F956B23-0809-425C-92DB-15179B0A123F}.Release|ARM.Deploy.0 = Release|ARM
		{6F956B23-0809-425C-92DB-15179B0A123F}.Release|Mixed Platforms.ActiveCfg = Release|x86
		{6F956B23-0809-425C-92DB-15179B0A123F}.Release|Mixed Platforms.Build.0 = Release|x86
		{6F956B23-0809-425C-92DB-15179B0A123F}.Release|Mixed Platforms.Deploy.0 = Release|x86
		{6F956B23-0809-425C-92DB-15179B0A123F}.Release|Windows Phone.ActiveCfg = Release|Any CPU
		{6F956B23-0809-425C-92DB-15179B0A123F}.Release|x64.ActiveCfg = Release|x64
		{6F956B23-0809-425C-92DB-15179B0A123F}.Release|x64.Build.0 = Release|x64
		{6F956B23-0809-425C-92DB-15179B0A123F}.Release|x64.Deploy.0 = Release|x64
		{6F956B23-0809-425C-92DB-15179B0A123F}.Release|x86.ActiveCfg = Release|x86
		{6F956B23-0809-425C-92DB-15179B0A123F}.Release|x86.Build.0 = Release|x86
		{6F956B23-0809-425C-92DB-15179B0A123F}.Release|x86.Deploy.0 = Release|x86
		{6F956B23-0809-425C-92DB-15179B0A123F}.Windows|Any CPU.ActiveCfg = Release|Any CPU
		{6F956B23-0809-425C-92DB-15179B0A123F}.Windows|Any CPU.Build.0 = Release|Any CPU
		{6F956B23-0809-425C-92DB-15179B0A123F}.Windows|Any CPU.Deploy.0 = Release|Any CPU
		{6F956B23-0809-425C-92DB-15179B0A123F}.Windows|ARM.ActiveCfg = Release|ARM
		{6F956B23-0809-425C-92DB-15179B0A123F}.Windows|ARM.Build.0 = Release|ARM
		{6F956B23-0809-425C-92DB-15179B0A123F}.Windows|ARM.Deploy.0 = Release|ARM
		{6F956B23-0809-425C-92DB-15179B0A123F}.Windows|Mixed Platforms.ActiveCfg = Release|x86
		{6F956B23-0809-425C-92DB-15179B0A123F}.Windows|Mixed Platforms.Build.0 = Release|x86
		{6F956B23-0809-425C-92DB-15179B0A123F}.Windows|Mixed Platforms.Deploy.0 = Release|x86
		{6F956B23-0809-425C-92DB-15179B0A123F}.Windows|Windows Phone.ActiveCfg = Release|Any CPU
		{6F956B23-0809-425C-92DB-15179B0A123F}.Windows|x64.ActiveCfg = Release|x64
		{6F956B23-0809-425C-92DB-15179B0A123F}.Windows|x64.Build.0 = Release|x64
		{6F956B23-0809-425C-92DB-15179B0A123F}.Windows|x64.Deploy.0 = Release|x64
		{6F956B23-0809-425C-92DB-15179B0A123F}.Windows|x86.ActiveCfg = Release|x86
		{6F956B23-0809-425C-92DB-15179B0A123F}.Windows|x86.Build.0 = Release|x86
		{6F956B23-0809-425C-92DB-15179B0A123F}.Windows|x86.Deploy.0 = Release|x86
		{6F956B23-0809-425C-92DB-15179B0A123F}.Windows8|Any CPU.ActiveCfg = Release|Any CPU
		{6F956B23-0809-425C-92DB-15179B0A123F}.Windows8|Any CPU.Build.0 = Release|Any CPU
		{6F956B23-0809-425C-92DB-15179B0A123F}.Windows8|Any CPU.Deploy.0 = Release|Any CPU
		{6F956B23-0809-425C-92DB-15179B0A123F}.Windows8|ARM.ActiveCfg = Release|ARM
		{6F956B23-0809-425C-92DB-15179B0A123F}.Windows8|ARM.Build.0 = Release|ARM
		{6F956B23-0809-425C-92DB-15179B0A123F}.Windows8|ARM.Deploy.0 = Release|ARM
		{6F956B23-0809-425C-92DB-15179B0A123F}.Windows8|Mixed Platforms.ActiveCfg = Release|x86
		{6F956B23-0809-425C-92DB-15179B0A123F}.Windows8|Mixed Platforms.Build.0 = Release|x86
		{6F956B23-0809-425C-92DB-15179B0A123F}.Windows8|Mixed Platforms.Deploy.0 = Release|x86
		{6F956B23-0809-425C-92DB-15179B0A123F}.Windows8|Windows Phone.ActiveCfg = Release|Any CPU
		{6F956B23-0809-425C-92DB-15179B0A123F}.Windows8|x64.ActiveCfg = Release|x64
		{6F956B23-0809-425C-92DB-15179B0A123F}.Windows8|x64.Build.0 = Release|x64
		{6F956B23-0809-425C-92DB-15179B0A123F}.Windows8|x64.Deploy.0 = Release|x64
		{6F956B23-0809-425C-92DB-15179B0A123F}.Windows8|x86.ActiveCfg = Release|x86
		{6F956B23-0809-425C-92DB-15179B0A123F}.Windows8|x86.Build.0 = Release|x86
		{6F956B23-0809-425C-92DB-15179B0A123F}.Windows8|x86.Deploy.0 = Release|x86
		{176E33A4-827D-4044-9F75-1FADAF1B8205}.Android|Any CPU.ActiveCfg = Android|Any CPU
		{176E33A4-827D-4044-9F75-1FADAF1B8205}.Android|Any CPU.Build.0 = Android|Any CPU
		{176E33A4-827D-4044-9F75-1FADAF1B8205}.Android|ARM.ActiveCfg = Android|Any CPU
		{176E33A4-827D-4044-9F75-1FADAF1B8205}.Android|Mixed Platforms.ActiveCfg = Android|Any CPU
		{176E33A4-827D-4044-9F75-1FADAF1B8205}.Android|Mixed Platforms.Build.0 = Android|Any CPU
		{176E33A4-827D-4044-9F75-1FADAF1B8205}.Android|Windows Phone.ActiveCfg = Android|Any CPU
		{176E33A4-827D-4044-9F75-1FADAF1B8205}.Android|x64.ActiveCfg = Android|Any CPU
		{176E33A4-827D-4044-9F75-1FADAF1B8205}.Android|x86.ActiveCfg = Android|Any CPU
		{176E33A4-827D-4044-9F75-1FADAF1B8205}.Debug|Any CPU.ActiveCfg = PSM|Any CPU
		{176E33A4-827D-4044-9F75-1FADAF1B8205}.Debug|Any CPU.Build.0 = PSM|Any CPU
		{176E33A4-827D-4044-9F75-1FADAF1B8205}.Debug|ARM.ActiveCfg = PSM|Any CPU
		{176E33A4-827D-4044-9F75-1FADAF1B8205}.Debug|Mixed Platforms.ActiveCfg = PSM|Any CPU
		{176E33A4-827D-4044-9F75-1FADAF1B8205}.Debug|Mixed Platforms.Build.0 = PSM|Any CPU
		{176E33A4-827D-4044-9F75-1FADAF1B8205}.Debug|Windows Phone.ActiveCfg = PSM|Any CPU
		{176E33A4-827D-4044-9F75-1FADAF1B8205}.Debug|x64.ActiveCfg = PSM|Any CPU
		{176E33A4-827D-4044-9F75-1FADAF1B8205}.Debug|x86.ActiveCfg = PSM|Any CPU
		{176E33A4-827D-4044-9F75-1FADAF1B8205}.iOS|Any CPU.ActiveCfg = iOS|Any CPU
		{176E33A4-827D-4044-9F75-1FADAF1B8205}.iOS|Any CPU.Build.0 = iOS|Any CPU
		{176E33A4-827D-4044-9F75-1FADAF1B8205}.iOS|ARM.ActiveCfg = iOS|Any CPU
		{176E33A4-827D-4044-9F75-1FADAF1B8205}.iOS|Mixed Platforms.ActiveCfg = iOS|Any CPU
		{176E33A4-827D-4044-9F75-1FADAF1B8205}.iOS|Mixed Platforms.Build.0 = iOS|Any CPU
		{176E33A4-827D-4044-9F75-1FADAF1B8205}.iOS|Windows Phone.ActiveCfg = iOS|Any CPU
		{176E33A4-827D-4044-9F75-1FADAF1B8205}.iOS|x64.ActiveCfg = iOS|Any CPU
		{176E33A4-827D-4044-9F75-1FADAF1B8205}.iOS|x86.ActiveCfg = iOS|Any CPU
		{176E33A4-827D-4044-9F75-1FADAF1B8205}.Linux|Any CPU.ActiveCfg = Linux|Any CPU
		{176E33A4-827D-4044-9F75-1FADAF1B8205}.Linux|Any CPU.Build.0 = Linux|Any CPU
		{176E33A4-827D-4044-9F75-1FADAF1B8205}.Linux|ARM.ActiveCfg = Linux|Any CPU
		{176E33A4-827D-4044-9F75-1FADAF1B8205}.Linux|Mixed Platforms.ActiveCfg = Linux|Any CPU
		{176E33A4-827D-4044-9F75-1FADAF1B8205}.Linux|Mixed Platforms.Build.0 = Linux|Any CPU
		{176E33A4-827D-4044-9F75-1FADAF1B8205}.Linux|Windows Phone.ActiveCfg = Linux|Any CPU
		{176E33A4-827D-4044-9F75-1FADAF1B8205}.Linux|x64.ActiveCfg = Linux|Any CPU
		{176E33A4-827D-4044-9F75-1FADAF1B8205}.Linux|x86.ActiveCfg = Linux|Any CPU
		{176E33A4-827D-4044-9F75-1FADAF1B8205}.OSX|Any CPU.ActiveCfg = OSX|Any CPU
		{176E33A4-827D-4044-9F75-1FADAF1B8205}.OSX|Any CPU.Build.0 = OSX|Any CPU
		{176E33A4-827D-4044-9F75-1FADAF1B8205}.OSX|ARM.ActiveCfg = OSX|Any CPU
		{176E33A4-827D-4044-9F75-1FADAF1B8205}.OSX|Mixed Platforms.ActiveCfg = OSX|Any CPU
		{176E33A4-827D-4044-9F75-1FADAF1B8205}.OSX|Mixed Platforms.Build.0 = OSX|Any CPU
		{176E33A4-827D-4044-9F75-1FADAF1B8205}.OSX|Windows Phone.ActiveCfg = OSX|Any CPU
		{176E33A4-827D-4044-9F75-1FADAF1B8205}.OSX|x64.ActiveCfg = OSX|Any CPU
		{176E33A4-827D-4044-9F75-1FADAF1B8205}.OSX|x86.ActiveCfg = OSX|Any CPU
		{176E33A4-827D-4044-9F75-1FADAF1B8205}.PSM|Any CPU.ActiveCfg = PSM|Any CPU
		{176E33A4-827D-4044-9F75-1FADAF1B8205}.PSM|Any CPU.Build.0 = PSM|Any CPU
		{176E33A4-827D-4044-9F75-1FADAF1B8205}.PSM|ARM.ActiveCfg = PSM|Any CPU
		{176E33A4-827D-4044-9F75-1FADAF1B8205}.PSM|Mixed Platforms.ActiveCfg = PSM|Any CPU
		{176E33A4-827D-4044-9F75-1FADAF1B8205}.PSM|Mixed Platforms.Build.0 = PSM|Any CPU
		{176E33A4-827D-4044-9F75-1FADAF1B8205}.PSM|Windows Phone.ActiveCfg = PSM|Any CPU
		{176E33A4-827D-4044-9F75-1FADAF1B8205}.PSM|x64.ActiveCfg = PSM|Any CPU
		{176E33A4-827D-4044-9F75-1FADAF1B8205}.PSM|x86.ActiveCfg = PSM|Any CPU
		{176E33A4-827D-4044-9F75-1FADAF1B8205}.Release|Any CPU.ActiveCfg = PSM|Any CPU
		{176E33A4-827D-4044-9F75-1FADAF1B8205}.Release|Any CPU.Build.0 = PSM|Any CPU
		{176E33A4-827D-4044-9F75-1FADAF1B8205}.Release|ARM.ActiveCfg = PSM|Any CPU
		{176E33A4-827D-4044-9F75-1FADAF1B8205}.Release|Mixed Platforms.ActiveCfg = PSM|Any CPU
		{176E33A4-827D-4044-9F75-1FADAF1B8205}.Release|Mixed Platforms.Build.0 = PSM|Any CPU
		{176E33A4-827D-4044-9F75-1FADAF1B8205}.Release|Windows Phone.ActiveCfg = PSM|Any CPU
		{176E33A4-827D-4044-9F75-1FADAF1B8205}.Release|x64.ActiveCfg = PSM|Any CPU
		{176E33A4-827D-4044-9F75-1FADAF1B8205}.Release|x86.ActiveCfg = PSM|Any CPU
		{176E33A4-827D-4044-9F75-1FADAF1B8205}.Windows|Any CPU.ActiveCfg = Windows|Any CPU
		{176E33A4-827D-4044-9F75-1FADAF1B8205}.Windows|Any CPU.Build.0 = Windows|Any CPU
		{176E33A4-827D-4044-9F75-1FADAF1B8205}.Windows|ARM.ActiveCfg = Windows|Any CPU
		{176E33A4-827D-4044-9F75-1FADAF1B8205}.Windows|Mixed Platforms.ActiveCfg = Windows|Any CPU
		{176E33A4-827D-4044-9F75-1FADAF1B8205}.Windows|Mixed Platforms.Build.0 = Windows|Any CPU
		{176E33A4-827D-4044-9F75-1FADAF1B8205}.Windows|Windows Phone.ActiveCfg = Windows|Any CPU
		{176E33A4-827D-4044-9F75-1FADAF1B8205}.Windows|x64.ActiveCfg = Windows|Any CPU
		{176E33A4-827D-4044-9F75-1FADAF1B8205}.Windows|x86.ActiveCfg = Windows|Any CPU
		{176E33A4-827D-4044-9F75-1FADAF1B8205}.Windows8|Any CPU.ActiveCfg = Windows8|Any CPU
		{176E33A4-827D-4044-9F75-1FADAF1B8205}.Windows8|Any CPU.Build.0 = Windows8|Any CPU
		{176E33A4-827D-4044-9F75-1FADAF1B8205}.Windows8|ARM.ActiveCfg = Windows8|Any CPU
		{176E33A4-827D-4044-9F75-1FADAF1B8205}.Windows8|Mixed Platforms.ActiveCfg = Windows8|Any CPU
		{176E33A4-827D-4044-9F75-1FADAF1B8205}.Windows8|Mixed Platforms.Build.0 = Windows8|Any CPU
		{176E33A4-827D-4044-9F75-1FADAF1B8205}.Windows8|Windows Phone.ActiveCfg = Windows8|Any CPU
		{176E33A4-827D-4044-9F75-1FADAF1B8205}.Windows8|x64.ActiveCfg = Windows8|Any CPU
		{176E33A4-827D-4044-9F75-1FADAF1B8205}.Windows8|x86.ActiveCfg = Windows8|Any CPU
		{A26B6079-0AB2-47D9-962A-3008B7A083B3}.Android|Any CPU.ActiveCfg = Android|Any CPU
		{A26B6079-0AB2-47D9-962A-3008B7A083B3}.Android|ARM.ActiveCfg = Android|Any CPU
		{A26B6079-0AB2-47D9-962A-3008B7A083B3}.Android|Mixed Platforms.ActiveCfg = Android|Any CPU
		{A26B6079-0AB2-47D9-962A-3008B7A083B3}.Android|Windows Phone.ActiveCfg = Android|Any CPU
		{A26B6079-0AB2-47D9-962A-3008B7A083B3}.Android|x64.ActiveCfg = Android|Any CPU
		{A26B6079-0AB2-47D9-962A-3008B7A083B3}.Android|x86.ActiveCfg = Android|Any CPU
		{A26B6079-0AB2-47D9-962A-3008B7A083B3}.Debug|Any CPU.ActiveCfg = PSM|Any CPU
		{A26B6079-0AB2-47D9-962A-3008B7A083B3}.Debug|ARM.ActiveCfg = PSM|Any CPU
		{A26B6079-0AB2-47D9-962A-3008B7A083B3}.Debug|Mixed Platforms.ActiveCfg = PSM|Any CPU
		{A26B6079-0AB2-47D9-962A-3008B7A083B3}.Debug|Windows Phone.ActiveCfg = PSM|Any CPU
		{A26B6079-0AB2-47D9-962A-3008B7A083B3}.Debug|x64.ActiveCfg = PSM|Any CPU
		{A26B6079-0AB2-47D9-962A-3008B7A083B3}.Debug|x86.ActiveCfg = PSM|Any CPU
		{A26B6079-0AB2-47D9-962A-3008B7A083B3}.iOS|Any CPU.ActiveCfg = iOS|Any CPU
		{A26B6079-0AB2-47D9-962A-3008B7A083B3}.iOS|ARM.ActiveCfg = iOS|Any CPU
		{A26B6079-0AB2-47D9-962A-3008B7A083B3}.iOS|Mixed Platforms.ActiveCfg = iOS|Any CPU
		{A26B6079-0AB2-47D9-962A-3008B7A083B3}.iOS|Windows Phone.ActiveCfg = iOS|Any CPU
		{A26B6079-0AB2-47D9-962A-3008B7A083B3}.iOS|x64.ActiveCfg = iOS|Any CPU
		{A26B6079-0AB2-47D9-962A-3008B7A083B3}.iOS|x86.ActiveCfg = iOS|Any CPU
		{A26B6079-0AB2-47D9-962A-3008B7A083B3}.Linux|Any CPU.ActiveCfg = Linux|Any CPU
		{A26B6079-0AB2-47D9-962A-3008B7A083B3}.Linux|ARM.ActiveCfg = Linux|Any CPU
		{A26B6079-0AB2-47D9-962A-3008B7A083B3}.Linux|Mixed Platforms.ActiveCfg = Linux|Any CPU
		{A26B6079-0AB2-47D9-962A-3008B7A083B3}.Linux|Windows Phone.ActiveCfg = Linux|Any CPU
		{A26B6079-0AB2-47D9-962A-3008B7A083B3}.Linux|x64.ActiveCfg = Linux|Any CPU
		{A26B6079-0AB2-47D9-962A-3008B7A083B3}.Linux|x86.ActiveCfg = Linux|Any CPU
		{A26B6079-0AB2-47D9-962A-3008B7A083B3}.OSX|Any CPU.ActiveCfg = OSX|Any CPU
		{A26B6079-0AB2-47D9-962A-3008B7A083B3}.OSX|ARM.ActiveCfg = OSX|Any CPU
		{A26B6079-0AB2-47D9-962A-3008B7A083B3}.OSX|Mixed Platforms.ActiveCfg = OSX|Any CPU
		{A26B6079-0AB2-47D9-962A-3008B7A083B3}.OSX|Windows Phone.ActiveCfg = OSX|Any CPU
		{A26B6079-0AB2-47D9-962A-3008B7A083B3}.OSX|x64.ActiveCfg = OSX|Any CPU
		{A26B6079-0AB2-47D9-962A-3008B7A083B3}.OSX|x86.ActiveCfg = OSX|Any CPU
		{A26B6079-0AB2-47D9-962A-3008B7A083B3}.PSM|Any CPU.ActiveCfg = PSM|Any CPU
		{A26B6079-0AB2-47D9-962A-3008B7A083B3}.PSM|ARM.ActiveCfg = PSM|Any CPU
		{A26B6079-0AB2-47D9-962A-3008B7A083B3}.PSM|Mixed Platforms.ActiveCfg = PSM|Any CPU
		{A26B6079-0AB2-47D9-962A-3008B7A083B3}.PSM|Windows Phone.ActiveCfg = PSM|Any CPU
		{A26B6079-0AB2-47D9-962A-3008B7A083B3}.PSM|x64.ActiveCfg = PSM|Any CPU
		{A26B6079-0AB2-47D9-962A-3008B7A083B3}.PSM|x86.ActiveCfg = PSM|Any CPU
		{A26B6079-0AB2-47D9-962A-3008B7A083B3}.Release|Any CPU.ActiveCfg = PSM|Any CPU
		{A26B6079-0AB2-47D9-962A-3008B7A083B3}.Release|ARM.ActiveCfg = PSM|Any CPU
		{A26B6079-0AB2-47D9-962A-3008B7A083B3}.Release|Mixed Platforms.ActiveCfg = PSM|Any CPU
		{A26B6079-0AB2-47D9-962A-3008B7A083B3}.Release|Windows Phone.ActiveCfg = PSM|Any CPU
		{A26B6079-0AB2-47D9-962A-3008B7A083B3}.Release|x64.ActiveCfg = PSM|Any CPU
		{A26B6079-0AB2-47D9-962A-3008B7A083B3}.Release|x86.ActiveCfg = PSM|Any CPU
		{A26B6079-0AB2-47D9-962A-3008B7A083B3}.Windows|Any CPU.ActiveCfg = Windows|Any CPU
		{A26B6079-0AB2-47D9-962A-3008B7A083B3}.Windows|ARM.ActiveCfg = Windows|Any CPU
		{A26B6079-0AB2-47D9-962A-3008B7A083B3}.Windows|Mixed Platforms.ActiveCfg = Windows|Any CPU
		{A26B6079-0AB2-47D9-962A-3008B7A083B3}.Windows|Windows Phone.ActiveCfg = Windows|Any CPU
		{A26B6079-0AB2-47D9-962A-3008B7A083B3}.Windows|x64.ActiveCfg = Windows|Any CPU
		{A26B6079-0AB2-47D9-962A-3008B7A083B3}.Windows|x86.ActiveCfg = Windows|Any CPU
		{A26B6079-0AB2-47D9-962A-3008B7A083B3}.Windows8|Any CPU.ActiveCfg = Windows8|Any CPU
		{A26B6079-0AB2-47D9-962A-3008B7A083B3}.Windows8|ARM.ActiveCfg = Windows8|Any CPU
		{A26B6079-0AB2-47D9-962A-3008B7A083B3}.Windows8|Mixed Platforms.ActiveCfg = Windows8|Any CPU
		{A26B6079-0AB2-47D9-962A-3008B7A083B3}.Windows8|Windows Phone.ActiveCfg = Windows8|Any CPU
		{A26B6079-0AB2-47D9-962A-3008B7A083B3}.Windows8|x64.ActiveCfg = Windows8|Any CPU
		{A26B6079-0AB2-47D9-962A-3008B7A083B3}.Windows8|x86.ActiveCfg = Windows8|Any CPU
	EndGlobalSection
	GlobalSection(SolutionProperties) = preSolution
		HideSolutionNode = FALSE
	EndGlobalSection
	GlobalSection(NestedProjects) = preSolution
		{D70BC9B4-1F48-4D64-AAB4-615B1292FE74} = {E81E2425-D667-4819-91ED-C2A50B054E07}
		{73AE0F55-4559-4F4A-9D84-819B63951AB3} = {E81E2425-D667-4819-91ED-C2A50B054E07}
		{F311C413-E175-485E-8A93-799AB971CA09} = {E81E2425-D667-4819-91ED-C2A50B054E07}
		{43E57147-8C31-48F8-8C54-F090BF9D715B} = {E81E2425-D667-4819-91ED-C2A50B054E07}
		{3F1CF32C-2A28-4DCE-9575-3DEC9001BDC0} = {E81E2425-D667-4819-91ED-C2A50B054E07}
	EndGlobalSection
EndGlobal
